
Microsoft Visual Studio Solution File, Format Version 12.00
# Visual Studio Version 17
VisualStudioVersion = 17.6.33815.320
MinimumVisualStudioVersion = 10.0.40219.1
Project("{2150E333-8FDC-42A3-9474-1A3956D46DE8}") = "N1", "N1", "{77AC4E54-674F-423A-A1DE-C7C866A54307}"
EndProject
Project("{9A19103F-16F7-4668-BE54-9A1E7A4F7556}") = "N1", "N1\N1.csproj", "{EA95F8DC-3EEC-4184-B021-DCB9AC26E2DF}"
EndProject
Project("{2150E333-8FDC-42A3-9474-1A3956D46DE8}") = "N2", "N2", "{603F4898-E54E-4819-9C69-7593D9F80737}"
EndProject
Project("{2150E333-8FDC-42A3-9474-1A3956D46DE8}") = "Tasks", "Tasks", "{1C1DD920-AFC5-481C-8529-77814F4D7C89}"
EndProject
Project("{2150E333-8FDC-42A3-9474-1A3956D46DE8}") = "Home Tasks", "Home Tasks", "{527DC50B-5398-4961-A095-BC49B63F4577}"
EndProject
Project("{9A19103F-16F7-4668-BE54-9A1E7A4F7556}") = "types", "types\types.csproj", "{0893F93E-35BF-417E-81A4-E89BBC943223}"
EndProject
Project("{9A19103F-16F7-4668-BE54-9A1E7A4F7556}") = "HT-1", "HT-1\HT-1.csproj", "{5637E463-4238-4D70-94AD-0A970A5ED4D8}"
EndProject
Project("{9A19103F-16F7-4668-BE54-9A1E7A4F7556}") = "typesW1D2", "typesW1D2\typesW1D2.csproj", "{A51610D0-E98A-48C6-A349-2B183BCCA2C8}"
EndProject
Project("{2150E333-8FDC-42A3-9474-1A3956D46DE8}") = "N3", "N3", "{6D7992FC-81F2-404B-8A02-59BF269A34B2}"
EndProject
Project("{2150E333-8FDC-42A3-9474-1A3956D46DE8}") = "Tasks", "Tasks", "{6ADFB973-4F7B-43A2-85AE-A219025A2A33}"
EndProject
Project("{9A19103F-16F7-4668-BE54-9A1E7A4F7556}") = "clock", "clock\clock.csproj", "{4E124116-15D9-43CB-9FD0-F99D8271D481}"
EndProject
Project("{9A19103F-16F7-4668-BE54-9A1E7A4F7556}") = "string_methods", "string_methods\string_methods.csproj", "{0F4161B2-0C23-4FB9-8447-0A51C1B54E98}"
EndProject
Project("{9A19103F-16F7-4668-BE54-9A1E7A4F7556}") = "T-1", "T-1\T-1.csproj", "{71426C09-FF87-4979-B6A7-4A38A7051B7A}"
EndProject
Project("{9A19103F-16F7-4668-BE54-9A1E7A4F7556}") = "W1-D3-T2", "W1-D3-T2\W1-D3-T2.csproj", "{90240A94-DF81-472F-9CED-8F8289471E43}"
EndProject
Project("{9A19103F-16F7-4668-BE54-9A1E7A4F7556}") = "W1-D3-T3", "W1-D3-T3\W1-D3-T3.csproj", "{A50FE1D7-9194-4C0D-A77B-4EF9AED7EA1B}"
EndProject
Project("{9A19103F-16F7-4668-BE54-9A1E7A4F7556}") = "W1-D3-T4", "W1-D3-T4\W1-D3-T4.csproj", "{C2C7A72A-854B-4CA0-A10A-A527E6FDED33}"
EndProject
Project("{9A19103F-16F7-4668-BE54-9A1E7A4F7556}") = "W1-D3-T5", "W1-D3-T5\W1-D3-T5.csproj", "{7B9A1C3C-D525-4B98-A846-7BB0992F47D0}"
EndProject
Project("{2150E333-8FDC-42A3-9474-1A3956D46DE8}") = "Home tasks", "Home tasks", "{D7433FD4-F946-4A12-A5EE-3CEE65AEFADD}"
EndProject
Project("{9A19103F-16F7-4668-BE54-9A1E7A4F7556}") = "N2-HT2", "N2-HT2\N2-HT2.csproj", "{99388867-F332-4637-A4DC-DEA21D4D601C}"
EndProject
Project("{9A19103F-16F7-4668-BE54-9A1E7A4F7556}") = "N3-HT1", "N3-HT1\N3-HT1.csproj", "{109287EF-3B81-4806-8679-B1540317DBC6}"
EndProject
Project("{9A19103F-16F7-4668-BE54-9A1E7A4F7556}") = "N3-HT2", "N3-HT2\N3-HT2.csproj", "{2F3E93F3-3575-42A3-BD3D-F95912B623EA}"
EndProject
Project("{2150E333-8FDC-42A3-9474-1A3956D46DE8}") = "N4", "N4", "{47E8D9E0-3127-413A-863E-0884A8C7ABCD}"
EndProject
Project("{2150E333-8FDC-42A3-9474-1A3956D46DE8}") = "Tasks", "Tasks", "{D78D2A93-2A5C-4D60-8DB7-55D4BB447A67}"
EndProject
Project("{9A19103F-16F7-4668-BE54-9A1E7A4F7556}") = "N4-Task1", "N4-Task1\N4-Task1.csproj", "{AF617BCA-A660-47AA-930A-60C80403B702}"
EndProject
Project("{9A19103F-16F7-4668-BE54-9A1E7A4F7556}") = "N4-Task2", "N4-Task2\N4-Task2.csproj", "{45ED9B56-96EE-42A9-AB2C-1F3F8037C16A}"
EndProject
Project("{9A19103F-16F7-4668-BE54-9A1E7A4F7556}") = "N4-Takrorlash", "N4-Takrorlash\N4-Takrorlash.csproj", "{2EFDF994-917B-4455-9912-053DA2ADCA4F}"
EndProject
Project("{2150E333-8FDC-42A3-9474-1A3956D46DE8}") = "Home Tasks", "Home Tasks", "{DAFF635C-C5B2-4D77-B80E-ACAF2339CB9E}"
EndProject
Project("{9A19103F-16F7-4668-BE54-9A1E7A4F7556}") = "N4-HT1", "N4-HT1\N4-HT1.csproj", "{5B0F2B8F-515F-42AB-B279-04AA0B955CDD}"
EndProject
Project("{9A19103F-16F7-4668-BE54-9A1E7A4F7556}") = "N4-HT2", "N4-HT2\N4-HT2.csproj", "{D8840441-8E2D-418A-841A-1B6FEB26BCB8}"
EndProject
Project("{2150E333-8FDC-42A3-9474-1A3956D46DE8}") = "N5", "N5", "{48748768-76AE-46A6-ADA8-4E8D8E578D43}"
EndProject
Project("{2150E333-8FDC-42A3-9474-1A3956D46DE8}") = "Tasks", "Tasks", "{034F24DE-3700-4275-BBF7-94A0FD555595}"
EndProject
Project("{9A19103F-16F7-4668-BE54-9A1E7A4F7556}") = "N5-Task1", "N5-Task1\N5-Task1.csproj", "{9F3A9EF5-7C14-4E01-83E5-37F7D5997592}"
EndProject
Project("{9A19103F-16F7-4668-BE54-9A1E7A4F7556}") = "N5-Task2", "N5-Task2\N5-Task2.csproj", "{CA76C9CB-1DA3-4E33-BF80-462480389C4B}"
EndProject
Project("{9A19103F-16F7-4668-BE54-9A1E7A4F7556}") = "N5-Task3", "N5-Task3\N5-Task3.csproj", "{D6292977-AA42-4277-A179-3D96DBEA8B2E}"
EndProject
Project("{2150E333-8FDC-42A3-9474-1A3956D46DE8}") = "Home Tasks", "Home Tasks", "{2962A76D-0BFF-4E98-AF5E-F634F9D6361B}"
EndProject
Project("{9A19103F-16F7-4668-BE54-9A1E7A4F7556}") = "N5-HT1", "N5-HT1\N5-HT1.csproj", "{146D15B1-D667-45FD-A151-742E3C5246A2}"
EndProject
Project("{9A19103F-16F7-4668-BE54-9A1E7A4F7556}") = "N5-HT2", "N5-HT2\N5-HT2.csproj", "{D6C39CE7-C663-45A1-B747-262C219F0ED0}"
EndProject
Project("{2150E333-8FDC-42A3-9474-1A3956D46DE8}") = "Solution Items", "Solution Items", "{CC29AA6B-D950-409F-9F73-E34162170ABE}"
	ProjectSection(SolutionItems) = preProject
		.editorconfig = .editorconfig
	EndProjectSection
EndProject
Project("{9A19103F-16F7-4668-BE54-9A1E7A4F7556}") = "N5-Takrorlash", "N5-Takrorlash\N5-Takrorlash.csproj", "{0F38994F-E842-48A3-85E2-2B63B17B9150}"
EndProject
Project("{2150E333-8FDC-42A3-9474-1A3956D46DE8}") = "N6", "N6", "{FA8107B2-E78C-4A45-892C-96C827794518}"
EndProject
Project("{2150E333-8FDC-42A3-9474-1A3956D46DE8}") = "Tasks", "Tasks", "{FA5DF7A8-335B-4B3C-98A3-F094658DE69F}"
EndProject
Project("{9A19103F-16F7-4668-BE54-9A1E7A4F7556}") = "N6-Task1", "N6-Task1\N6-Task1.csproj", "{A31E64E9-94D0-4B49-AACE-83166513618E}"
EndProject
Project("{2150E333-8FDC-42A3-9474-1A3956D46DE8}") = "Home Tasks", "Home Tasks", "{13B037D7-FFBF-499B-BB36-C7E6961AB49D}"
EndProject
Project("{9A19103F-16F7-4668-BE54-9A1E7A4F7556}") = "N6-Dars", "N6-Dars\N6-Dars.csproj", "{444B62F0-C3ED-44CD-81E0-FE2BC1F74EE3}"
EndProject
Project("{9A19103F-16F7-4668-BE54-9A1E7A4F7556}") = "N6-Task2", "N6-Task2\N6-Task2.csproj", "{EF15BAAA-5072-4E60-A4F4-650126E81104}"
EndProject
Project("{9A19103F-16F7-4668-BE54-9A1E7A4F7556}") = "N6-HT1", "N6-HT1\N6-HT1.csproj", "{378A6DE3-0417-441B-8AC9-08A767D19947}"
EndProject
Project("{FAE04EC0-301F-11D3-BF4B-00C04F79EFBC}") = "N6-HT2", "N6-HT2\N6-HT2.csproj", "{A28FE10E-D4F6-4C16-84B3-992440704458}"
EndProject
Global
	GlobalSection(SolutionConfigurationPlatforms) = preSolution
		Debug|Any CPU = Debug|Any CPU
		Release|Any CPU = Release|Any CPU
	EndGlobalSection
	GlobalSection(ProjectConfigurationPlatforms) = postSolution
		{EA95F8DC-3EEC-4184-B021-DCB9AC26E2DF}.Debug|Any CPU.ActiveCfg = Debug|Any CPU
		{EA95F8DC-3EEC-4184-B021-DCB9AC26E2DF}.Debug|Any CPU.Build.0 = Debug|Any CPU
		{EA95F8DC-3EEC-4184-B021-DCB9AC26E2DF}.Release|Any CPU.ActiveCfg = Release|Any CPU
		{EA95F8DC-3EEC-4184-B021-DCB9AC26E2DF}.Release|Any CPU.Build.0 = Release|Any CPU
		{0893F93E-35BF-417E-81A4-E89BBC943223}.Debug|Any CPU.ActiveCfg = Debug|Any CPU
		{0893F93E-35BF-417E-81A4-E89BBC943223}.Debug|Any CPU.Build.0 = Debug|Any CPU
		{0893F93E-35BF-417E-81A4-E89BBC943223}.Release|Any CPU.ActiveCfg = Release|Any CPU
		{0893F93E-35BF-417E-81A4-E89BBC943223}.Release|Any CPU.Build.0 = Release|Any CPU
		{5637E463-4238-4D70-94AD-0A970A5ED4D8}.Debug|Any CPU.ActiveCfg = Debug|Any CPU
		{5637E463-4238-4D70-94AD-0A970A5ED4D8}.Debug|Any CPU.Build.0 = Debug|Any CPU
		{5637E463-4238-4D70-94AD-0A970A5ED4D8}.Release|Any CPU.ActiveCfg = Release|Any CPU
		{5637E463-4238-4D70-94AD-0A970A5ED4D8}.Release|Any CPU.Build.0 = Release|Any CPU
		{A51610D0-E98A-48C6-A349-2B183BCCA2C8}.Debug|Any CPU.ActiveCfg = Debug|Any CPU
		{A51610D0-E98A-48C6-A349-2B183BCCA2C8}.Debug|Any CPU.Build.0 = Debug|Any CPU
		{A51610D0-E98A-48C6-A349-2B183BCCA2C8}.Release|Any CPU.ActiveCfg = Release|Any CPU
		{A51610D0-E98A-48C6-A349-2B183BCCA2C8}.Release|Any CPU.Build.0 = Release|Any CPU
		{4E124116-15D9-43CB-9FD0-F99D8271D481}.Debug|Any CPU.ActiveCfg = Debug|Any CPU
		{4E124116-15D9-43CB-9FD0-F99D8271D481}.Debug|Any CPU.Build.0 = Debug|Any CPU
		{4E124116-15D9-43CB-9FD0-F99D8271D481}.Release|Any CPU.ActiveCfg = Release|Any CPU
		{4E124116-15D9-43CB-9FD0-F99D8271D481}.Release|Any CPU.Build.0 = Release|Any CPU
		{0F4161B2-0C23-4FB9-8447-0A51C1B54E98}.Debug|Any CPU.ActiveCfg = Debug|Any CPU
		{0F4161B2-0C23-4FB9-8447-0A51C1B54E98}.Debug|Any CPU.Build.0 = Debug|Any CPU
		{0F4161B2-0C23-4FB9-8447-0A51C1B54E98}.Release|Any CPU.ActiveCfg = Release|Any CPU
		{0F4161B2-0C23-4FB9-8447-0A51C1B54E98}.Release|Any CPU.Build.0 = Release|Any CPU
		{71426C09-FF87-4979-B6A7-4A38A7051B7A}.Debug|Any CPU.ActiveCfg = Debug|Any CPU
		{71426C09-FF87-4979-B6A7-4A38A7051B7A}.Debug|Any CPU.Build.0 = Debug|Any CPU
		{71426C09-FF87-4979-B6A7-4A38A7051B7A}.Release|Any CPU.ActiveCfg = Release|Any CPU
		{71426C09-FF87-4979-B6A7-4A38A7051B7A}.Release|Any CPU.Build.0 = Release|Any CPU
		{90240A94-DF81-472F-9CED-8F8289471E43}.Debug|Any CPU.ActiveCfg = Debug|Any CPU
		{90240A94-DF81-472F-9CED-8F8289471E43}.Debug|Any CPU.Build.0 = Debug|Any CPU
		{90240A94-DF81-472F-9CED-8F8289471E43}.Release|Any CPU.ActiveCfg = Release|Any CPU
		{90240A94-DF81-472F-9CED-8F8289471E43}.Release|Any CPU.Build.0 = Release|Any CPU
		{A50FE1D7-9194-4C0D-A77B-4EF9AED7EA1B}.Debug|Any CPU.ActiveCfg = Debug|Any CPU
		{A50FE1D7-9194-4C0D-A77B-4EF9AED7EA1B}.Debug|Any CPU.Build.0 = Debug|Any CPU
		{A50FE1D7-9194-4C0D-A77B-4EF9AED7EA1B}.Release|Any CPU.ActiveCfg = Release|Any CPU
		{A50FE1D7-9194-4C0D-A77B-4EF9AED7EA1B}.Release|Any CPU.Build.0 = Release|Any CPU
		{C2C7A72A-854B-4CA0-A10A-A527E6FDED33}.Debug|Any CPU.ActiveCfg = Debug|Any CPU
		{C2C7A72A-854B-4CA0-A10A-A527E6FDED33}.Debug|Any CPU.Build.0 = Debug|Any CPU
		{C2C7A72A-854B-4CA0-A10A-A527E6FDED33}.Release|Any CPU.ActiveCfg = Release|Any CPU
		{C2C7A72A-854B-4CA0-A10A-A527E6FDED33}.Release|Any CPU.Build.0 = Release|Any CPU
		{7B9A1C3C-D525-4B98-A846-7BB0992F47D0}.Debug|Any CPU.ActiveCfg = Debug|Any CPU
		{7B9A1C3C-D525-4B98-A846-7BB0992F47D0}.Debug|Any CPU.Build.0 = Debug|Any CPU
		{7B9A1C3C-D525-4B98-A846-7BB0992F47D0}.Release|Any CPU.ActiveCfg = Release|Any CPU
		{7B9A1C3C-D525-4B98-A846-7BB0992F47D0}.Release|Any CPU.Build.0 = Release|Any CPU
		{99388867-F332-4637-A4DC-DEA21D4D601C}.Debug|Any CPU.ActiveCfg = Debug|Any CPU
		{99388867-F332-4637-A4DC-DEA21D4D601C}.Debug|Any CPU.Build.0 = Debug|Any CPU
		{99388867-F332-4637-A4DC-DEA21D4D601C}.Release|Any CPU.ActiveCfg = Release|Any CPU
		{99388867-F332-4637-A4DC-DEA21D4D601C}.Release|Any CPU.Build.0 = Release|Any CPU
		{109287EF-3B81-4806-8679-B1540317DBC6}.Debug|Any CPU.ActiveCfg = Debug|Any CPU
		{109287EF-3B81-4806-8679-B1540317DBC6}.Debug|Any CPU.Build.0 = Debug|Any CPU
		{109287EF-3B81-4806-8679-B1540317DBC6}.Release|Any CPU.ActiveCfg = Release|Any CPU
		{109287EF-3B81-4806-8679-B1540317DBC6}.Release|Any CPU.Build.0 = Release|Any CPU
		{2F3E93F3-3575-42A3-BD3D-F95912B623EA}.Debug|Any CPU.ActiveCfg = Debug|Any CPU
		{2F3E93F3-3575-42A3-BD3D-F95912B623EA}.Debug|Any CPU.Build.0 = Debug|Any CPU
		{2F3E93F3-3575-42A3-BD3D-F95912B623EA}.Release|Any CPU.ActiveCfg = Release|Any CPU
		{2F3E93F3-3575-42A3-BD3D-F95912B623EA}.Release|Any CPU.Build.0 = Release|Any CPU
		{AF617BCA-A660-47AA-930A-60C80403B702}.Debug|Any CPU.ActiveCfg = Debug|Any CPU
		{AF617BCA-A660-47AA-930A-60C80403B702}.Debug|Any CPU.Build.0 = Debug|Any CPU
		{AF617BCA-A660-47AA-930A-60C80403B702}.Release|Any CPU.ActiveCfg = Release|Any CPU
		{AF617BCA-A660-47AA-930A-60C80403B702}.Release|Any CPU.Build.0 = Release|Any CPU
		{45ED9B56-96EE-42A9-AB2C-1F3F8037C16A}.Debug|Any CPU.ActiveCfg = Debug|Any CPU
		{45ED9B56-96EE-42A9-AB2C-1F3F8037C16A}.Debug|Any CPU.Build.0 = Debug|Any CPU
		{45ED9B56-96EE-42A9-AB2C-1F3F8037C16A}.Release|Any CPU.ActiveCfg = Release|Any CPU
		{45ED9B56-96EE-42A9-AB2C-1F3F8037C16A}.Release|Any CPU.Build.0 = Release|Any CPU
		{2EFDF994-917B-4455-9912-053DA2ADCA4F}.Debug|Any CPU.ActiveCfg = Debug|Any CPU
		{2EFDF994-917B-4455-9912-053DA2ADCA4F}.Debug|Any CPU.Build.0 = Debug|Any CPU
		{2EFDF994-917B-4455-9912-053DA2ADCA4F}.Release|Any CPU.ActiveCfg = Release|Any CPU
		{2EFDF994-917B-4455-9912-053DA2ADCA4F}.Release|Any CPU.Build.0 = Release|Any CPU
		{5B0F2B8F-515F-42AB-B279-04AA0B955CDD}.Debug|Any CPU.ActiveCfg = Debug|Any CPU
		{5B0F2B8F-515F-42AB-B279-04AA0B955CDD}.Debug|Any CPU.Build.0 = Debug|Any CPU
		{5B0F2B8F-515F-42AB-B279-04AA0B955CDD}.Release|Any CPU.ActiveCfg = Release|Any CPU
		{5B0F2B8F-515F-42AB-B279-04AA0B955CDD}.Release|Any CPU.Build.0 = Release|Any CPU
		{D8840441-8E2D-418A-841A-1B6FEB26BCB8}.Debug|Any CPU.ActiveCfg = Debug|Any CPU
		{D8840441-8E2D-418A-841A-1B6FEB26BCB8}.Debug|Any CPU.Build.0 = Debug|Any CPU
		{D8840441-8E2D-418A-841A-1B6FEB26BCB8}.Release|Any CPU.ActiveCfg = Release|Any CPU
		{D8840441-8E2D-418A-841A-1B6FEB26BCB8}.Release|Any CPU.Build.0 = Release|Any CPU
		{9F3A9EF5-7C14-4E01-83E5-37F7D5997592}.Debug|Any CPU.ActiveCfg = Debug|Any CPU
		{9F3A9EF5-7C14-4E01-83E5-37F7D5997592}.Debug|Any CPU.Build.0 = Debug|Any CPU
		{9F3A9EF5-7C14-4E01-83E5-37F7D5997592}.Release|Any CPU.ActiveCfg = Release|Any CPU
		{9F3A9EF5-7C14-4E01-83E5-37F7D5997592}.Release|Any CPU.Build.0 = Release|Any CPU
		{CA76C9CB-1DA3-4E33-BF80-462480389C4B}.Debug|Any CPU.ActiveCfg = Debug|Any CPU
		{CA76C9CB-1DA3-4E33-BF80-462480389C4B}.Debug|Any CPU.Build.0 = Debug|Any CPU
		{CA76C9CB-1DA3-4E33-BF80-462480389C4B}.Release|Any CPU.ActiveCfg = Release|Any CPU
		{CA76C9CB-1DA3-4E33-BF80-462480389C4B}.Release|Any CPU.Build.0 = Release|Any CPU
		{D6292977-AA42-4277-A179-3D96DBEA8B2E}.Debug|Any CPU.ActiveCfg = Debug|Any CPU
		{D6292977-AA42-4277-A179-3D96DBEA8B2E}.Debug|Any CPU.Build.0 = Debug|Any CPU
		{D6292977-AA42-4277-A179-3D96DBEA8B2E}.Release|Any CPU.ActiveCfg = Release|Any CPU
		{D6292977-AA42-4277-A179-3D96DBEA8B2E}.Release|Any CPU.Build.0 = Release|Any CPU
		{146D15B1-D667-45FD-A151-742E3C5246A2}.Debug|Any CPU.ActiveCfg = Debug|Any CPU
		{146D15B1-D667-45FD-A151-742E3C5246A2}.Debug|Any CPU.Build.0 = Debug|Any CPU
		{146D15B1-D667-45FD-A151-742E3C5246A2}.Release|Any CPU.ActiveCfg = Release|Any CPU
		{146D15B1-D667-45FD-A151-742E3C5246A2}.Release|Any CPU.Build.0 = Release|Any CPU
		{D6C39CE7-C663-45A1-B747-262C219F0ED0}.Debug|Any CPU.ActiveCfg = Debug|Any CPU
		{D6C39CE7-C663-45A1-B747-262C219F0ED0}.Debug|Any CPU.Build.0 = Debug|Any CPU
		{D6C39CE7-C663-45A1-B747-262C219F0ED0}.Release|Any CPU.ActiveCfg = Release|Any CPU
		{D6C39CE7-C663-45A1-B747-262C219F0ED0}.Release|Any CPU.Build.0 = Release|Any CPU
		{0F38994F-E842-48A3-85E2-2B63B17B9150}.Debug|Any CPU.ActiveCfg = Debug|Any CPU
		{0F38994F-E842-48A3-85E2-2B63B17B9150}.Debug|Any CPU.Build.0 = Debug|Any CPU
		{0F38994F-E842-48A3-85E2-2B63B17B9150}.Release|Any CPU.ActiveCfg = Release|Any CPU
		{0F38994F-E842-48A3-85E2-2B63B17B9150}.Release|Any CPU.Build.0 = Release|Any CPU
		{A31E64E9-94D0-4B49-AACE-83166513618E}.Debug|Any CPU.ActiveCfg = Debug|Any CPU
		{A31E64E9-94D0-4B49-AACE-83166513618E}.Debug|Any CPU.Build.0 = Debug|Any CPU
		{A31E64E9-94D0-4B49-AACE-83166513618E}.Release|Any CPU.ActiveCfg = Release|Any CPU
		{A31E64E9-94D0-4B49-AACE-83166513618E}.Release|Any CPU.Build.0 = Release|Any CPU
		{444B62F0-C3ED-44CD-81E0-FE2BC1F74EE3}.Debug|Any CPU.ActiveCfg = Debug|Any CPU
		{444B62F0-C3ED-44CD-81E0-FE2BC1F74EE3}.Debug|Any CPU.Build.0 = Debug|Any CPU
		{444B62F0-C3ED-44CD-81E0-FE2BC1F74EE3}.Release|Any CPU.ActiveCfg = Release|Any CPU
		{444B62F0-C3ED-44CD-81E0-FE2BC1F74EE3}.Release|Any CPU.Build.0 = Release|Any CPU
		{EF15BAAA-5072-4E60-A4F4-650126E81104}.Debug|Any CPU.ActiveCfg = Debug|Any CPU
		{EF15BAAA-5072-4E60-A4F4-650126E81104}.Debug|Any CPU.Build.0 = Debug|Any CPU
		{EF15BAAA-5072-4E60-A4F4-650126E81104}.Release|Any CPU.ActiveCfg = Release|Any CPU
		{EF15BAAA-5072-4E60-A4F4-650126E81104}.Release|Any CPU.Build.0 = Release|Any CPU
		{378A6DE3-0417-441B-8AC9-08A767D19947}.Debug|Any CPU.ActiveCfg = Debug|Any CPU
		{378A6DE3-0417-441B-8AC9-08A767D19947}.Debug|Any CPU.Build.0 = Debug|Any CPU
		{378A6DE3-0417-441B-8AC9-08A767D19947}.Release|Any CPU.ActiveCfg = Release|Any CPU
		{378A6DE3-0417-441B-8AC9-08A767D19947}.Release|Any CPU.Build.0 = Release|Any CPU
		{A28FE10E-D4F6-4C16-84B3-992440704458}.Debug|Any CPU.ActiveCfg = Debug|Any CPU
		{A28FE10E-D4F6-4C16-84B3-992440704458}.Debug|Any CPU.Build.0 = Debug|Any CPU
		{A28FE10E-D4F6-4C16-84B3-992440704458}.Release|Any CPU.ActiveCfg = Release|Any CPU
		{A28FE10E-D4F6-4C16-84B3-992440704458}.Release|Any CPU.Build.0 = Release|Any CPU
	EndGlobalSection
	GlobalSection(SolutionProperties) = preSolution
		HideSolutionNode = FALSE
	EndGlobalSection
	GlobalSection(NestedProjects) = preSolution
		{EA95F8DC-3EEC-4184-B021-DCB9AC26E2DF} = {77AC4E54-674F-423A-A1DE-C7C866A54307}
		{1C1DD920-AFC5-481C-8529-77814F4D7C89} = {603F4898-E54E-4819-9C69-7593D9F80737}
		{527DC50B-5398-4961-A095-BC49B63F4577} = {603F4898-E54E-4819-9C69-7593D9F80737}
		{0893F93E-35BF-417E-81A4-E89BBC943223} = {1C1DD920-AFC5-481C-8529-77814F4D7C89}
		{5637E463-4238-4D70-94AD-0A970A5ED4D8} = {527DC50B-5398-4961-A095-BC49B63F4577}
		{A51610D0-E98A-48C6-A349-2B183BCCA2C8} = {1C1DD920-AFC5-481C-8529-77814F4D7C89}
		{6ADFB973-4F7B-43A2-85AE-A219025A2A33} = {6D7992FC-81F2-404B-8A02-59BF269A34B2}
		{4E124116-15D9-43CB-9FD0-F99D8271D481} = {6ADFB973-4F7B-43A2-85AE-A219025A2A33}
		{0F4161B2-0C23-4FB9-8447-0A51C1B54E98} = {6ADFB973-4F7B-43A2-85AE-A219025A2A33}
		{71426C09-FF87-4979-B6A7-4A38A7051B7A} = {6ADFB973-4F7B-43A2-85AE-A219025A2A33}
		{90240A94-DF81-472F-9CED-8F8289471E43} = {6ADFB973-4F7B-43A2-85AE-A219025A2A33}
		{A50FE1D7-9194-4C0D-A77B-4EF9AED7EA1B} = {6ADFB973-4F7B-43A2-85AE-A219025A2A33}
		{C2C7A72A-854B-4CA0-A10A-A527E6FDED33} = {6ADFB973-4F7B-43A2-85AE-A219025A2A33}
		{7B9A1C3C-D525-4B98-A846-7BB0992F47D0} = {6ADFB973-4F7B-43A2-85AE-A219025A2A33}
		{D7433FD4-F946-4A12-A5EE-3CEE65AEFADD} = {6D7992FC-81F2-404B-8A02-59BF269A34B2}
		{99388867-F332-4637-A4DC-DEA21D4D601C} = {527DC50B-5398-4961-A095-BC49B63F4577}
		{109287EF-3B81-4806-8679-B1540317DBC6} = {D7433FD4-F946-4A12-A5EE-3CEE65AEFADD}
		{2F3E93F3-3575-42A3-BD3D-F95912B623EA} = {D7433FD4-F946-4A12-A5EE-3CEE65AEFADD}
		{D78D2A93-2A5C-4D60-8DB7-55D4BB447A67} = {47E8D9E0-3127-413A-863E-0884A8C7ABCD}
		{AF617BCA-A660-47AA-930A-60C80403B702} = {D78D2A93-2A5C-4D60-8DB7-55D4BB447A67}
		{45ED9B56-96EE-42A9-AB2C-1F3F8037C16A} = {D78D2A93-2A5C-4D60-8DB7-55D4BB447A67}
		{2EFDF994-917B-4455-9912-053DA2ADCA4F} = {D78D2A93-2A5C-4D60-8DB7-55D4BB447A67}
		{DAFF635C-C5B2-4D77-B80E-ACAF2339CB9E} = {47E8D9E0-3127-413A-863E-0884A8C7ABCD}
		{5B0F2B8F-515F-42AB-B279-04AA0B955CDD} = {DAFF635C-C5B2-4D77-B80E-ACAF2339CB9E}
		{D8840441-8E2D-418A-841A-1B6FEB26BCB8} = {DAFF635C-C5B2-4D77-B80E-ACAF2339CB9E}
		{034F24DE-3700-4275-BBF7-94A0FD555595} = {48748768-76AE-46A6-ADA8-4E8D8E578D43}
		{9F3A9EF5-7C14-4E01-83E5-37F7D5997592} = {034F24DE-3700-4275-BBF7-94A0FD555595}
		{CA76C9CB-1DA3-4E33-BF80-462480389C4B} = {034F24DE-3700-4275-BBF7-94A0FD555595}
		{D6292977-AA42-4277-A179-3D96DBEA8B2E} = {034F24DE-3700-4275-BBF7-94A0FD555595}
		{2962A76D-0BFF-4E98-AF5E-F634F9D6361B} = {48748768-76AE-46A6-ADA8-4E8D8E578D43}
		{146D15B1-D667-45FD-A151-742E3C5246A2} = {2962A76D-0BFF-4E98-AF5E-F634F9D6361B}
		{D6C39CE7-C663-45A1-B747-262C219F0ED0} = {2962A76D-0BFF-4E98-AF5E-F634F9D6361B}
		{0F38994F-E842-48A3-85E2-2B63B17B9150} = {034F24DE-3700-4275-BBF7-94A0FD555595}
		{FA5DF7A8-335B-4B3C-98A3-F094658DE69F} = {FA8107B2-E78C-4A45-892C-96C827794518}
		{A31E64E9-94D0-4B49-AACE-83166513618E} = {FA5DF7A8-335B-4B3C-98A3-F094658DE69F}
		{13B037D7-FFBF-499B-BB36-C7E6961AB49D} = {FA8107B2-E78C-4A45-892C-96C827794518}
		{444B62F0-C3ED-44CD-81E0-FE2BC1F74EE3} = {FA5DF7A8-335B-4B3C-98A3-F094658DE69F}
		{EF15BAAA-5072-4E60-A4F4-650126E81104} = {FA5DF7A8-335B-4B3C-98A3-F094658DE69F}
		{378A6DE3-0417-441B-8AC9-08A767D19947} = {13B037D7-FFBF-499B-BB36-C7E6961AB49D}
		{A28FE10E-D4F6-4C16-84B3-992440704458} = {13B037D7-FFBF-499B-BB36-C7E6961AB49D}
	EndGlobalSection
	GlobalSection(ExtensibilityGlobals) = postSolution
		SolutionGuid = {A79743A4-DD8A-41D8-89B4-5F9E18C08300}
	EndGlobalSection
EndGlobal
