
Microsoft Visual Studio Solution File, Format Version 12.00
# Visual Studio Version 17
VisualStudioVersion = 17.6.33815.320
MinimumVisualStudioVersion = 10.0.40219.1
Project("{2150E333-8FDC-42A3-9474-1A3956D46DE8}") = "N1", "N1", "{77AC4E54-674F-423A-A1DE-C7C866A54307}"
EndProject
Project("{9A19103F-16F7-4668-BE54-9A1E7A4F7556}") = "N1", "N1\N1.csproj", "{EA95F8DC-3EEC-4184-B021-DCB9AC26E2DF}"
EndProject
Project("{2150E333-8FDC-42A3-9474-1A3956D46DE8}") = "N2", "N2", "{603F4898-E54E-4819-9C69-7593D9F80737}"
EndProject
Project("{2150E333-8FDC-42A3-9474-1A3956D46DE8}") = "Tasks", "Tasks", "{1C1DD920-AFC5-481C-8529-77814F4D7C89}"
EndProject
Project("{2150E333-8FDC-42A3-9474-1A3956D46DE8}") = "Home Tasks", "Home Tasks", "{527DC50B-5398-4961-A095-BC49B63F4577}"
EndProject
Project("{9A19103F-16F7-4668-BE54-9A1E7A4F7556}") = "types", "types\types.csproj", "{0893F93E-35BF-417E-81A4-E89BBC943223}"
EndProject
Project("{9A19103F-16F7-4668-BE54-9A1E7A4F7556}") = "HT-1", "HT-1\HT-1.csproj", "{5637E463-4238-4D70-94AD-0A970A5ED4D8}"
EndProject
Project("{FAE04EC0-301F-11D3-BF4B-00C04F79EFBC}") = "typesW1D2", "typesW1D2\typesW1D2.csproj", "{A51610D0-E98A-48C6-A349-2B183BCCA2C8}"
EndProject
Global
	GlobalSection(SolutionConfigurationPlatforms) = preSolution
		Debug|Any CPU = Debug|Any CPU
		Release|Any CPU = Release|Any CPU
	EndGlobalSection
	GlobalSection(ProjectConfigurationPlatforms) = postSolution
		{EA95F8DC-3EEC-4184-B021-DCB9AC26E2DF}.Debug|Any CPU.ActiveCfg = Debug|Any CPU
		{EA95F8DC-3EEC-4184-B021-DCB9AC26E2DF}.Debug|Any CPU.Build.0 = Debug|Any CPU
		{EA95F8DC-3EEC-4184-B021-DCB9AC26E2DF}.Release|Any CPU.ActiveCfg = Release|Any CPU
		{EA95F8DC-3EEC-4184-B021-DCB9AC26E2DF}.Release|Any CPU.Build.0 = Release|Any CPU
		{0893F93E-35BF-417E-81A4-E89BBC943223}.Debug|Any CPU.ActiveCfg = Debug|Any CPU
		{0893F93E-35BF-417E-81A4-E89BBC943223}.Debug|Any CPU.Build.0 = Debug|Any CPU
		{0893F93E-35BF-417E-81A4-E89BBC943223}.Release|Any CPU.ActiveCfg = Release|Any CPU
		{0893F93E-35BF-417E-81A4-E89BBC943223}.Release|Any CPU.Build.0 = Release|Any CPU
		{5637E463-4238-4D70-94AD-0A970A5ED4D8}.Debug|Any CPU.ActiveCfg = Debug|Any CPU
		{5637E463-4238-4D70-94AD-0A970A5ED4D8}.Debug|Any CPU.Build.0 = Debug|Any CPU
		{5637E463-4238-4D70-94AD-0A970A5ED4D8}.Release|Any CPU.ActiveCfg = Release|Any CPU
		{5637E463-4238-4D70-94AD-0A970A5ED4D8}.Release|Any CPU.Build.0 = Release|Any CPU
		{A51610D0-E98A-48C6-A349-2B183BCCA2C8}.Debug|Any CPU.ActiveCfg = Debug|Any CPU
		{A51610D0-E98A-48C6-A349-2B183BCCA2C8}.Debug|Any CPU.Build.0 = Debug|Any CPU
		{A51610D0-E98A-48C6-A349-2B183BCCA2C8}.Release|Any CPU.ActiveCfg = Release|Any CPU
		{A51610D0-E98A-48C6-A349-2B183BCCA2C8}.Release|Any CPU.Build.0 = Release|Any CPU
	EndGlobalSection
	GlobalSection(SolutionProperties) = preSolution
		HideSolutionNode = FALSE
	EndGlobalSection
	GlobalSection(NestedProjects) = preSolution
		{EA95F8DC-3EEC-4184-B021-DCB9AC26E2DF} = {77AC4E54-674F-423A-A1DE-C7C866A54307}
		{1C1DD920-AFC5-481C-8529-77814F4D7C89} = {603F4898-E54E-4819-9C69-7593D9F80737}
		{527DC50B-5398-4961-A095-BC49B63F4577} = {603F4898-E54E-4819-9C69-7593D9F80737}
		{0893F93E-35BF-417E-81A4-E89BBC943223} = {1C1DD920-AFC5-481C-8529-77814F4D7C89}
		{5637E463-4238-4D70-94AD-0A970A5ED4D8} = {527DC50B-5398-4961-A095-BC49B63F4577}
		{A51610D0-E98A-48C6-A349-2B183BCCA2C8} = {1C1DD920-AFC5-481C-8529-77814F4D7C89}
	EndGlobalSection
	GlobalSection(ExtensibilityGlobals) = postSolution
		SolutionGuid = {A79743A4-DD8A-41D8-89B4-5F9E18C08300}
	EndGlobalSection
EndGlobal
