
Microsoft Visual Studio Solution File, Format Version 12.00
# Visual Studio Version 17
VisualStudioVersion = 17.6.33815.320
MinimumVisualStudioVersion = 10.0.40219.1
Project("{2150E333-8FDC-42A3-9474-1A3956D46DE8}") = "N1", "N1", "{77AC4E54-674F-423A-A1DE-C7C866A54307}"
EndProject
Project("{9A19103F-16F7-4668-BE54-9A1E7A4F7556}") = "N1", "N1\N1.csproj", "{EA95F8DC-3EEC-4184-B021-DCB9AC26E2DF}"
EndProject
Project("{2150E333-8FDC-42A3-9474-1A3956D46DE8}") = "N2", "N2", "{603F4898-E54E-4819-9C69-7593D9F80737}"
EndProject
Project("{2150E333-8FDC-42A3-9474-1A3956D46DE8}") = "Tasks", "Tasks", "{1C1DD920-AFC5-481C-8529-77814F4D7C89}"
EndProject
Project("{2150E333-8FDC-42A3-9474-1A3956D46DE8}") = "Home Tasks", "Home Tasks", "{527DC50B-5398-4961-A095-BC49B63F4577}"
EndProject
Project("{9A19103F-16F7-4668-BE54-9A1E7A4F7556}") = "types", "types\types.csproj", "{0893F93E-35BF-417E-81A4-E89BBC943223}"
EndProject
Project("{9A19103F-16F7-4668-BE54-9A1E7A4F7556}") = "HT-1", "HT-1\HT-1.csproj", "{5637E463-4238-4D70-94AD-0A970A5ED4D8}"
EndProject
Project("{9A19103F-16F7-4668-BE54-9A1E7A4F7556}") = "typesW1D2", "typesW1D2\typesW1D2.csproj", "{A51610D0-E98A-48C6-A349-2B183BCCA2C8}"
EndProject
Project("{2150E333-8FDC-42A3-9474-1A3956D46DE8}") = "N3", "N3", "{6D7992FC-81F2-404B-8A02-59BF269A34B2}"
EndProject
Project("{2150E333-8FDC-42A3-9474-1A3956D46DE8}") = "Tasks", "Tasks", "{6ADFB973-4F7B-43A2-85AE-A219025A2A33}"
EndProject
Project("{9A19103F-16F7-4668-BE54-9A1E7A4F7556}") = "clock", "clock\clock.csproj", "{4E124116-15D9-43CB-9FD0-F99D8271D481}"
EndProject
Project("{9A19103F-16F7-4668-BE54-9A1E7A4F7556}") = "string_methods", "string_methods\string_methods.csproj", "{0F4161B2-0C23-4FB9-8447-0A51C1B54E98}"
EndProject
Project("{9A19103F-16F7-4668-BE54-9A1E7A4F7556}") = "T-1", "T-1\T-1.csproj", "{71426C09-FF87-4979-B6A7-4A38A7051B7A}"
EndProject
Project("{9A19103F-16F7-4668-BE54-9A1E7A4F7556}") = "W1-D3-T2", "W1-D3-T2\W1-D3-T2.csproj", "{90240A94-DF81-472F-9CED-8F8289471E43}"
EndProject
Project("{9A19103F-16F7-4668-BE54-9A1E7A4F7556}") = "W1-D3-T3", "W1-D3-T3\W1-D3-T3.csproj", "{A50FE1D7-9194-4C0D-A77B-4EF9AED7EA1B}"
EndProject
Project("{9A19103F-16F7-4668-BE54-9A1E7A4F7556}") = "W1-D3-T4", "W1-D3-T4\W1-D3-T4.csproj", "{C2C7A72A-854B-4CA0-A10A-A527E6FDED33}"
EndProject
Project("{9A19103F-16F7-4668-BE54-9A1E7A4F7556}") = "W1-D3-T5", "W1-D3-T5\W1-D3-T5.csproj", "{7B9A1C3C-D525-4B98-A846-7BB0992F47D0}"
EndProject
Project("{2150E333-8FDC-42A3-9474-1A3956D46DE8}") = "Home tasks", "Home tasks", "{D7433FD4-F946-4A12-A5EE-3CEE65AEFADD}"
EndProject
Project("{9A19103F-16F7-4668-BE54-9A1E7A4F7556}") = "N2-HT2", "N2-HT2\N2-HT2.csproj", "{99388867-F332-4637-A4DC-DEA21D4D601C}"
EndProject
Project("{9A19103F-16F7-4668-BE54-9A1E7A4F7556}") = "N3-HT1", "N3-HT1\N3-HT1.csproj", "{109287EF-3B81-4806-8679-B1540317DBC6}"
EndProject
Project("{9A19103F-16F7-4668-BE54-9A1E7A4F7556}") = "N3-HT2", "N3-HT2\N3-HT2.csproj", "{2F3E93F3-3575-42A3-BD3D-F95912B623EA}"
EndProject
Project("{2150E333-8FDC-42A3-9474-1A3956D46DE8}") = "N4", "N4", "{47E8D9E0-3127-413A-863E-0884A8C7ABCD}"
EndProject
Project("{2150E333-8FDC-42A3-9474-1A3956D46DE8}") = "Tasks", "Tasks", "{D78D2A93-2A5C-4D60-8DB7-55D4BB447A67}"
EndProject
Project("{9A19103F-16F7-4668-BE54-9A1E7A4F7556}") = "N4-Task1", "N4-Task1\N4-Task1.csproj", "{AF617BCA-A660-47AA-930A-60C80403B702}"
EndProject
Project("{9A19103F-16F7-4668-BE54-9A1E7A4F7556}") = "N4-Task2", "N4-Task2\N4-Task2.csproj", "{45ED9B56-96EE-42A9-AB2C-1F3F8037C16A}"
EndProject
Project("{9A19103F-16F7-4668-BE54-9A1E7A4F7556}") = "N4-Takrorlash", "N4-Takrorlash\N4-Takrorlash.csproj", "{2EFDF994-917B-4455-9912-053DA2ADCA4F}"
EndProject
Project("{2150E333-8FDC-42A3-9474-1A3956D46DE8}") = "Home Tasks", "Home Tasks", "{DAFF635C-C5B2-4D77-B80E-ACAF2339CB9E}"
EndProject
Project("{9A19103F-16F7-4668-BE54-9A1E7A4F7556}") = "N4-HT1", "N4-HT1\N4-HT1.csproj", "{5B0F2B8F-515F-42AB-B279-04AA0B955CDD}"
EndProject
Project("{9A19103F-16F7-4668-BE54-9A1E7A4F7556}") = "N4-HT2", "N4-HT2\N4-HT2.csproj", "{D8840441-8E2D-418A-841A-1B6FEB26BCB8}"
EndProject
Project("{2150E333-8FDC-42A3-9474-1A3956D46DE8}") = "N5", "N5", "{48748768-76AE-46A6-ADA8-4E8D8E578D43}"
EndProject
Project("{2150E333-8FDC-42A3-9474-1A3956D46DE8}") = "Tasks", "Tasks", "{034F24DE-3700-4275-BBF7-94A0FD555595}"
EndProject
Project("{9A19103F-16F7-4668-BE54-9A1E7A4F7556}") = "N5-Task1", "N5-Task1\N5-Task1.csproj", "{9F3A9EF5-7C14-4E01-83E5-37F7D5997592}"
EndProject
Project("{9A19103F-16F7-4668-BE54-9A1E7A4F7556}") = "N5-Task2", "N5-Task2\N5-Task2.csproj", "{CA76C9CB-1DA3-4E33-BF80-462480389C4B}"
EndProject
Project("{9A19103F-16F7-4668-BE54-9A1E7A4F7556}") = "N5-Task3", "N5-Task3\N5-Task3.csproj", "{D6292977-AA42-4277-A179-3D96DBEA8B2E}"
EndProject
Project("{2150E333-8FDC-42A3-9474-1A3956D46DE8}") = "Home Tasks", "Home Tasks", "{2962A76D-0BFF-4E98-AF5E-F634F9D6361B}"
EndProject
Project("{9A19103F-16F7-4668-BE54-9A1E7A4F7556}") = "N5-HT1", "N5-HT1\N5-HT1.csproj", "{146D15B1-D667-45FD-A151-742E3C5246A2}"
EndProject
Project("{9A19103F-16F7-4668-BE54-9A1E7A4F7556}") = "N5-HT2", "N5-HT2\N5-HT2.csproj", "{D6C39CE7-C663-45A1-B747-262C219F0ED0}"
EndProject
Project("{2150E333-8FDC-42A3-9474-1A3956D46DE8}") = "Solution Items", "Solution Items", "{CC29AA6B-D950-409F-9F73-E34162170ABE}"
	ProjectSection(SolutionItems) = preProject
		.editorconfig = .editorconfig
	EndProjectSection
EndProject
Project("{9A19103F-16F7-4668-BE54-9A1E7A4F7556}") = "N5-Takrorlash", "N5-Takrorlash\N5-Takrorlash.csproj", "{0F38994F-E842-48A3-85E2-2B63B17B9150}"
EndProject
Project("{2150E333-8FDC-42A3-9474-1A3956D46DE8}") = "N6", "N6", "{FA8107B2-E78C-4A45-892C-96C827794518}"
EndProject
Project("{2150E333-8FDC-42A3-9474-1A3956D46DE8}") = "Tasks", "Tasks", "{FA5DF7A8-335B-4B3C-98A3-F094658DE69F}"
EndProject
Project("{9A19103F-16F7-4668-BE54-9A1E7A4F7556}") = "N6-Task1", "N6-Task1\N6-Task1.csproj", "{A31E64E9-94D0-4B49-AACE-83166513618E}"
EndProject
Project("{2150E333-8FDC-42A3-9474-1A3956D46DE8}") = "Home Tasks", "Home Tasks", "{13B037D7-FFBF-499B-BB36-C7E6961AB49D}"
EndProject
Project("{9A19103F-16F7-4668-BE54-9A1E7A4F7556}") = "N6-Dars", "N6-Dars\N6-Dars.csproj", "{444B62F0-C3ED-44CD-81E0-FE2BC1F74EE3}"
EndProject
Project("{9A19103F-16F7-4668-BE54-9A1E7A4F7556}") = "N6-Task2", "N6-Task2\N6-Task2.csproj", "{EF15BAAA-5072-4E60-A4F4-650126E81104}"
EndProject
Project("{9A19103F-16F7-4668-BE54-9A1E7A4F7556}") = "N6-HT1", "N6-HT1\N6-HT1.csproj", "{378A6DE3-0417-441B-8AC9-08A767D19947}"
EndProject
Project("{9A19103F-16F7-4668-BE54-9A1E7A4F7556}") = "N6-HT2", "N6-HT2\N6-HT2.csproj", "{A28FE10E-D4F6-4C16-84B3-992440704458}"
EndProject
Project("{2150E333-8FDC-42A3-9474-1A3956D46DE8}") = "N7", "N7", "{E476BDF3-8F99-4CB4-ADF7-819630E1C346}"
EndProject
Project("{2150E333-8FDC-42A3-9474-1A3956D46DE8}") = "Tasks", "Tasks", "{7FA5E699-1EF2-4A73-B287-F0ED49775649}"
EndProject
Project("{9A19103F-16F7-4668-BE54-9A1E7A4F7556}") = "labirint", "labirint\labirint.csproj", "{810348FB-D07D-4A56-84F5-B19267318C2A}"
EndProject
Project("{9A19103F-16F7-4668-BE54-9A1E7A4F7556}") = "N7-Dars", "N7-Dars\N7-Dars.csproj", "{24553B21-DDC4-40B2-BC5D-B1C324262963}"
EndProject
Project("{2150E333-8FDC-42A3-9474-1A3956D46DE8}") = "Home Tasks", "Home Tasks", "{CF8093C2-B0BC-4352-9455-D7493A4F0077}"
EndProject
Project("{9A19103F-16F7-4668-BE54-9A1E7A4F7556}") = "N7-HT1", "N7-HT1\N7-HT1.csproj", "{7B2FB2A7-77CA-4F94-B78F-54A466EF0EEC}"
EndProject
Project("{2150E333-8FDC-42A3-9474-1A3956D46DE8}") = "LessonsTask", "LessonsTask", "{85493423-70DB-47C4-B8F8-D0FE4DC2AFBD}"
EndProject
Project("{9A19103F-16F7-4668-BE54-9A1E7A4F7556}") = "lessonsTask", "lessonsTask\lessonsTask.csproj", "{8305E318-6CF6-42D7-B174-2C67FD2ED3EC}"
EndProject
Project("{2150E333-8FDC-42A3-9474-1A3956D46DE8}") = "N8", "N8", "{36DC8E59-7BE2-4FDA-83AA-554321BA1635}"
EndProject
Project("{2150E333-8FDC-42A3-9474-1A3956D46DE8}") = "Tasks", "Tasks", "{1B10D1BF-D7D9-4A41-A305-BEAC197E6112}"
EndProject
Project("{9A19103F-16F7-4668-BE54-9A1E7A4F7556}") = "N8-Dars", "N8-Dars\N8-Dars.csproj", "{810BBA30-F651-4B73-AEAF-6A36752FC33C}"
EndProject
Project("{2150E333-8FDC-42A3-9474-1A3956D46DE8}") = "Home Tasks", "Home Tasks", "{8F88CA64-D7FE-44FC-A674-B606C7695498}"
EndProject
Project("{9A19103F-16F7-4668-BE54-9A1E7A4F7556}") = "N8-HT1", "N8-HT1\N8-HT1.csproj", "{F5FA5B56-9793-41E5-AA3F-3D44D08BE6C5}"
EndProject
Project("{9A19103F-16F7-4668-BE54-9A1E7A4F7556}") = "N8-HT2", "N8-HT2\N8-HT2.csproj", "{A182F755-B27E-4C90-AD89-4ADFB2630A14}"
EndProject
Project("{2150E333-8FDC-42A3-9474-1A3956D46DE8}") = "N9", "N9", "{163B274A-ACEE-46D8-B4E6-CC23D74FF9CF}"
EndProject
Project("{2150E333-8FDC-42A3-9474-1A3956D46DE8}") = "Tasks", "Tasks", "{C448335E-7B54-42F2-889B-838D999946AC}"
EndProject
Project("{9A19103F-16F7-4668-BE54-9A1E7A4F7556}") = "N9-Task1", "N9-Task1\N9-Task1.csproj", "{3E351720-2803-41FF-A225-1337881DAAD3}"
EndProject
Project("{2150E333-8FDC-42A3-9474-1A3956D46DE8}") = "Home Tasks", "Home Tasks", "{8E26699D-B98E-4374-97DA-84668F20F0F9}"
EndProject
Project("{9A19103F-16F7-4668-BE54-9A1E7A4F7556}") = "N9-HT1", "N9-HT1\N9-HT1.csproj", "{A54FC165-F25C-4FB8-9A87-D5AAED0D594B}"
EndProject
Project("{9A19103F-16F7-4668-BE54-9A1E7A4F7556}") = "N9-HT2", "N9-HT2\N9-HT2.csproj", "{7AAFD2BF-6D9C-4651-AD72-D5DF33A23775}"
EndProject
Project("{2150E333-8FDC-42A3-9474-1A3956D46DE8}") = "N10", "N10", "{8778BBFA-CF02-46DA-91FE-74419D6A9258}"
EndProject
Project("{2150E333-8FDC-42A3-9474-1A3956D46DE8}") = "Tasks", "Tasks", "{10712E84-3509-4C3C-B967-795BBDD711EA}"
EndProject
Project("{9A19103F-16F7-4668-BE54-9A1E7A4F7556}") = "N10-Task1", "N10-Task1\N10-Task1.csproj", "{01A6DDEF-F710-4F00-B69C-5A4826721018}"
EndProject
Project("{9A19103F-16F7-4668-BE54-9A1E7A4F7556}") = "N10-T1", "N10-T1\N10-T1.csproj", "{058EC40F-E316-458D-AF06-AA153F17E7A7}"
EndProject
Project("{9A19103F-16F7-4668-BE54-9A1E7A4F7556}") = "N10-T2", "N10-T2\N10-T2.csproj", "{5C7E9197-C3FE-4F18-B724-D513D5F9CF48}"
EndProject
Project("{2150E333-8FDC-42A3-9474-1A3956D46DE8}") = "Home Tasks", "Home Tasks", "{00A8D27B-5DDC-44F1-AFAB-9E26146A46BB}"
EndProject
Project("{9A19103F-16F7-4668-BE54-9A1E7A4F7556}") = "N10-HT1", "N10-HT1\N10-HT1.csproj", "{2E8F8F57-5E22-42D1-B573-54514EE4773D}"
EndProject
Project("{9A19103F-16F7-4668-BE54-9A1E7A4F7556}") = "N10-HT2", "N10-HT2\N10-HT2.csproj", "{FE6BF251-4453-4A2A-8A84-8186F25306D5}"
EndProject
Project("{9A19103F-16F7-4668-BE54-9A1E7A4F7556}") = "N10-T3", "N10-T3\N10-T3.csproj", "{3951D4C1-0920-49A7-B024-E971342933F7}"
EndProject
Project("{9A19103F-16F7-4668-BE54-9A1E7A4F7556}") = "N10-T4", "N10-T4\N10-T4.csproj", "{6163B08A-8D99-4A13-A1C9-E87A370580AC}"
EndProject
Project("{9A19103F-16F7-4668-BE54-9A1E7A4F7556}") = "Calculator_Program", "Calculator_Program\Calculator_Program.csproj", "{1BA94DE7-1650-4306-9D2E-2D75EBED3937}"
EndProject
Project("{9A19103F-16F7-4668-BE54-9A1E7A4F7556}") = "TypingTest", "TypingTest\TypingTest.csproj", "{8EFA2976-3E7B-43BD-9EE0-3D1126F03ADC}"
EndProject
Project("{2150E333-8FDC-42A3-9474-1A3956D46DE8}") = "N11", "N11", "{1178D470-B0E1-49E4-9DDB-D7427914C919}"
EndProject
Project("{2150E333-8FDC-42A3-9474-1A3956D46DE8}") = "Tasks", "Tasks", "{6D5C5CC9-19F2-4127-A76D-3A3B74E5DEF0}"
EndProject
Project("{9A19103F-16F7-4668-BE54-9A1E7A4F7556}") = "N11-T1", "N11-T1\N11-T1.csproj", "{C16B55B8-FDE4-4FE6-8E11-F77F266CC9A2}"
EndProject
Project("{2150E333-8FDC-42A3-9474-1A3956D46DE8}") = "Home Tasks", "Home Tasks", "{67F4C92D-293F-4F59-BFD6-C5CFCB42475A}"
EndProject
Project("{9A19103F-16F7-4668-BE54-9A1E7A4F7556}") = "N11-HT1", "N11-HT1\N11-HT1.csproj", "{2B127282-6F20-4900-BD5B-DB1C9CFE87F6}"
EndProject
Project("{9A19103F-16F7-4668-BE54-9A1E7A4F7556}") = "N11-HT2", "N11-HT2\N11-HT2.csproj", "{5FC0072B-02F5-4EFF-93B7-C4E84438FA82}"
EndProject
Project("{2150E333-8FDC-42A3-9474-1A3956D46DE8}") = "N12", "N12", "{E8D95889-0A2B-4720-98B4-4EF26A6A1F2F}"
EndProject
Project("{2150E333-8FDC-42A3-9474-1A3956D46DE8}") = "Tasks", "Tasks", "{23690423-F2B4-4F0E-93ED-14CB1FB8A827}"
EndProject
Project("{9A19103F-16F7-4668-BE54-9A1E7A4F7556}") = "N12-Darss", "N12-Darss\N12-Darss.csproj", "{C292BFD3-F407-4F36-8719-C505B8AFE3A2}"
EndProject
Project("{9A19103F-16F7-4668-BE54-9A1E7A4F7556}") = "N12-T1", "N12-T1\N12-T1.csproj", "{AD836081-EEF9-4F06-9ECE-7CC0D72E4358}"
EndProject
Project("{9A19103F-16F7-4668-BE54-9A1E7A4F7556}") = "N12-T2", "N12-T2\N12-T2.csproj", "{0B1868A1-EEC0-419C-BD27-9B5D7C9E76D9}"
EndProject
Project("{9A19103F-16F7-4668-BE54-9A1E7A4F7556}") = "N12_T1", "N12_T1\N12_T1.csproj", "{341A1C8E-8A3B-45C8-A4E9-8E3A528B9DE3}"
EndProject
Project("{9A19103F-16F7-4668-BE54-9A1E7A4F7556}") = "N12_T2", "N12_T2\N12_T2.csproj", "{FE5396B3-0D61-4A4B-96F6-828D1E3187B3}"
EndProject
Project("{9A19103F-16F7-4668-BE54-9A1E7A4F7556}") = "N12_T3", "N12_T3\N12_T3.csproj", "{FC948634-A4C2-4612-A2A1-E94359C341B3}"
EndProject
Project("{9A19103F-16F7-4668-BE54-9A1E7A4F7556}") = "N12_T4", "N12_T4\N12_T4.csproj", "{38FD11CA-9D10-4D25-8DD6-45DF176BB1E3}"
EndProject
Project("{2150E333-8FDC-42A3-9474-1A3956D46DE8}") = "Home Tasks", "Home Tasks", "{20FA6DAB-01B2-4C4E-A669-D17DF4371CE8}"
EndProject
Project("{9A19103F-16F7-4668-BE54-9A1E7A4F7556}") = "N12-HT1", "N12-HT1\N12-HT1.csproj", "{0182A7E3-0104-4B5A-A95C-803E382C58E7}"
EndProject
Project("{9A19103F-16F7-4668-BE54-9A1E7A4F7556}") = "N12-HT2", "N12-HT2\N12-HT2.csproj", "{7A96F55A-D9E1-46DC-B08D-A6C465D39F07}"
EndProject
Project("{2150E333-8FDC-42A3-9474-1A3956D46DE8}") = "N13", "N13", "{B8ECBAF0-F921-4595-BBCF-AB0F7C2CA1A9}"
EndProject
Project("{2150E333-8FDC-42A3-9474-1A3956D46DE8}") = "Tasks", "Tasks", "{0D4D037F-B0E5-41B2-866F-7FF6DFA83964}"
EndProject
Project("{9A19103F-16F7-4668-BE54-9A1E7A4F7556}") = "N13-Darss", "N13-Darss\N13-Darss.csproj", "{BCE68BC5-984B-4365-8D57-EE56BB0D8BE4}"
EndProject
Project("{9A19103F-16F7-4668-BE54-9A1E7A4F7556}") = "N13-T1", "N13-T1\N13-T1.csproj", "{16CD2760-A1BA-4525-8ABA-7FD8DCC1A1C7}"
EndProject
Project("{9A19103F-16F7-4668-BE54-9A1E7A4F7556}") = "N13-T2", "N13-T2\N13-T2.csproj", "{DB23FF1D-FE47-4121-BEA7-3D403083A8E7}"
EndProject
Project("{9A19103F-16F7-4668-BE54-9A1E7A4F7556}") = "N13-T3", "N13-T3\N13-T3.csproj", "{6135FB91-574A-4233-A8C9-7A91307C9FC3}"
EndProject
Project("{9A19103F-16F7-4668-BE54-9A1E7A4F7556}") = "N13-T4", "N13-T4\N13-T4.csproj", "{E5BBBEB1-7FD7-4F54-AF84-9CF9DB00DC4F}"
EndProject
Project("{2150E333-8FDC-42A3-9474-1A3956D46DE8}") = "Home Tasks", "Home Tasks", "{55755B4A-1051-4134-8DD8-5EA7C198DEF7}"
EndProject
Project("{9A19103F-16F7-4668-BE54-9A1E7A4F7556}") = "N13-HT1", "N13-HT1\N13-HT1.csproj", "{5609B281-8DDC-441F-B7BD-953EBEADE937}"
EndProject
Project("{9A19103F-16F7-4668-BE54-9A1E7A4F7556}") = "N13-HT2", "N13-HT2\N13-HT2.csproj", "{E4C662DC-0874-430E-BD39-66B3E9485F05}"
EndProject
Project("{2150E333-8FDC-42A3-9474-1A3956D46DE8}") = "N14", "N14", "{DA44EF32-E2D1-4CC3-9B7F-CAEC7518B31D}"
EndProject
Project("{2150E333-8FDC-42A3-9474-1A3956D46DE8}") = "Tasks", "Tasks", "{1290EBF7-5BC5-4A00-ADAB-E081780D87C5}"
EndProject
Project("{9A19103F-16F7-4668-BE54-9A1E7A4F7556}") = "N14-T1", "N14-T1\N14-T1.csproj", "{72555EDD-236A-4A92-87EF-ECF7ED0897B2}"
EndProject
Project("{9A19103F-16F7-4668-BE54-9A1E7A4F7556}") = "N14-T2", "N14-T2\N14-T2.csproj", "{B107A1BF-C8F7-4F08-B45B-7DD82604838A}"
EndProject
Project("{2150E333-8FDC-42A3-9474-1A3956D46DE8}") = "Home Tasks", "Home Tasks", "{8824ABBB-54D2-4D16-9C9B-2F9485ABEA61}"
EndProject
Project("{FAE04EC0-301F-11D3-BF4B-00C04F79EFBC}") = "N14-HT1", "N14-HT1\N14-HT1.csproj", "{39CC0219-2AA1-462A-81BF-0E0981900F06}"
EndProject
Project("{FAE04EC0-301F-11D3-BF4B-00C04F79EFBC}") = "N14-HT2", "N14-HT2\N14-HT2.csproj", "{ADC722E6-812D-498E-92AA-D5AE88DE24B1}"
EndProject
Project("{FAE04EC0-301F-11D3-BF4B-00C04F79EFBC}") = "N14-HT2-CL", "N14-HT2-CL\N14-HT2-CL.csproj", "{C641E445-9BC8-41C4-A3BE-6DCEB19305AF}"
EndProject
Global
	GlobalSection(SolutionConfigurationPlatforms) = preSolution
		Debug|Any CPU = Debug|Any CPU
		Release|Any CPU = Release|Any CPU
	EndGlobalSection
	GlobalSection(ProjectConfigurationPlatforms) = postSolution
		{EA95F8DC-3EEC-4184-B021-DCB9AC26E2DF}.Debug|Any CPU.ActiveCfg = Debug|Any CPU
		{EA95F8DC-3EEC-4184-B021-DCB9AC26E2DF}.Debug|Any CPU.Build.0 = Debug|Any CPU
		{EA95F8DC-3EEC-4184-B021-DCB9AC26E2DF}.Release|Any CPU.ActiveCfg = Release|Any CPU
		{EA95F8DC-3EEC-4184-B021-DCB9AC26E2DF}.Release|Any CPU.Build.0 = Release|Any CPU
		{0893F93E-35BF-417E-81A4-E89BBC943223}.Debug|Any CPU.ActiveCfg = Debug|Any CPU
		{0893F93E-35BF-417E-81A4-E89BBC943223}.Debug|Any CPU.Build.0 = Debug|Any CPU
		{0893F93E-35BF-417E-81A4-E89BBC943223}.Release|Any CPU.ActiveCfg = Release|Any CPU
		{0893F93E-35BF-417E-81A4-E89BBC943223}.Release|Any CPU.Build.0 = Release|Any CPU
		{5637E463-4238-4D70-94AD-0A970A5ED4D8}.Debug|Any CPU.ActiveCfg = Debug|Any CPU
		{5637E463-4238-4D70-94AD-0A970A5ED4D8}.Debug|Any CPU.Build.0 = Debug|Any CPU
		{5637E463-4238-4D70-94AD-0A970A5ED4D8}.Release|Any CPU.ActiveCfg = Release|Any CPU
		{5637E463-4238-4D70-94AD-0A970A5ED4D8}.Release|Any CPU.Build.0 = Release|Any CPU
		{A51610D0-E98A-48C6-A349-2B183BCCA2C8}.Debug|Any CPU.ActiveCfg = Debug|Any CPU
		{A51610D0-E98A-48C6-A349-2B183BCCA2C8}.Debug|Any CPU.Build.0 = Debug|Any CPU
		{A51610D0-E98A-48C6-A349-2B183BCCA2C8}.Release|Any CPU.ActiveCfg = Release|Any CPU
		{A51610D0-E98A-48C6-A349-2B183BCCA2C8}.Release|Any CPU.Build.0 = Release|Any CPU
		{4E124116-15D9-43CB-9FD0-F99D8271D481}.Debug|Any CPU.ActiveCfg = Debug|Any CPU
		{4E124116-15D9-43CB-9FD0-F99D8271D481}.Debug|Any CPU.Build.0 = Debug|Any CPU
		{4E124116-15D9-43CB-9FD0-F99D8271D481}.Release|Any CPU.ActiveCfg = Release|Any CPU
		{4E124116-15D9-43CB-9FD0-F99D8271D481}.Release|Any CPU.Build.0 = Release|Any CPU
		{0F4161B2-0C23-4FB9-8447-0A51C1B54E98}.Debug|Any CPU.ActiveCfg = Debug|Any CPU
		{0F4161B2-0C23-4FB9-8447-0A51C1B54E98}.Debug|Any CPU.Build.0 = Debug|Any CPU
		{0F4161B2-0C23-4FB9-8447-0A51C1B54E98}.Release|Any CPU.ActiveCfg = Release|Any CPU
		{0F4161B2-0C23-4FB9-8447-0A51C1B54E98}.Release|Any CPU.Build.0 = Release|Any CPU
		{71426C09-FF87-4979-B6A7-4A38A7051B7A}.Debug|Any CPU.ActiveCfg = Debug|Any CPU
		{71426C09-FF87-4979-B6A7-4A38A7051B7A}.Debug|Any CPU.Build.0 = Debug|Any CPU
		{71426C09-FF87-4979-B6A7-4A38A7051B7A}.Release|Any CPU.ActiveCfg = Release|Any CPU
		{71426C09-FF87-4979-B6A7-4A38A7051B7A}.Release|Any CPU.Build.0 = Release|Any CPU
		{90240A94-DF81-472F-9CED-8F8289471E43}.Debug|Any CPU.ActiveCfg = Debug|Any CPU
		{90240A94-DF81-472F-9CED-8F8289471E43}.Debug|Any CPU.Build.0 = Debug|Any CPU
		{90240A94-DF81-472F-9CED-8F8289471E43}.Release|Any CPU.ActiveCfg = Release|Any CPU
		{90240A94-DF81-472F-9CED-8F8289471E43}.Release|Any CPU.Build.0 = Release|Any CPU
		{A50FE1D7-9194-4C0D-A77B-4EF9AED7EA1B}.Debug|Any CPU.ActiveCfg = Debug|Any CPU
		{A50FE1D7-9194-4C0D-A77B-4EF9AED7EA1B}.Debug|Any CPU.Build.0 = Debug|Any CPU
		{A50FE1D7-9194-4C0D-A77B-4EF9AED7EA1B}.Release|Any CPU.ActiveCfg = Release|Any CPU
		{A50FE1D7-9194-4C0D-A77B-4EF9AED7EA1B}.Release|Any CPU.Build.0 = Release|Any CPU
		{C2C7A72A-854B-4CA0-A10A-A527E6FDED33}.Debug|Any CPU.ActiveCfg = Debug|Any CPU
		{C2C7A72A-854B-4CA0-A10A-A527E6FDED33}.Debug|Any CPU.Build.0 = Debug|Any CPU
		{C2C7A72A-854B-4CA0-A10A-A527E6FDED33}.Release|Any CPU.ActiveCfg = Release|Any CPU
		{C2C7A72A-854B-4CA0-A10A-A527E6FDED33}.Release|Any CPU.Build.0 = Release|Any CPU
		{7B9A1C3C-D525-4B98-A846-7BB0992F47D0}.Debug|Any CPU.ActiveCfg = Debug|Any CPU
		{7B9A1C3C-D525-4B98-A846-7BB0992F47D0}.Debug|Any CPU.Build.0 = Debug|Any CPU
		{7B9A1C3C-D525-4B98-A846-7BB0992F47D0}.Release|Any CPU.ActiveCfg = Release|Any CPU
		{7B9A1C3C-D525-4B98-A846-7BB0992F47D0}.Release|Any CPU.Build.0 = Release|Any CPU
		{99388867-F332-4637-A4DC-DEA21D4D601C}.Debug|Any CPU.ActiveCfg = Debug|Any CPU
		{99388867-F332-4637-A4DC-DEA21D4D601C}.Debug|Any CPU.Build.0 = Debug|Any CPU
		{99388867-F332-4637-A4DC-DEA21D4D601C}.Release|Any CPU.ActiveCfg = Release|Any CPU
		{99388867-F332-4637-A4DC-DEA21D4D601C}.Release|Any CPU.Build.0 = Release|Any CPU
		{109287EF-3B81-4806-8679-B1540317DBC6}.Debug|Any CPU.ActiveCfg = Debug|Any CPU
		{109287EF-3B81-4806-8679-B1540317DBC6}.Debug|Any CPU.Build.0 = Debug|Any CPU
		{109287EF-3B81-4806-8679-B1540317DBC6}.Release|Any CPU.ActiveCfg = Release|Any CPU
		{109287EF-3B81-4806-8679-B1540317DBC6}.Release|Any CPU.Build.0 = Release|Any CPU
		{2F3E93F3-3575-42A3-BD3D-F95912B623EA}.Debug|Any CPU.ActiveCfg = Debug|Any CPU
		{2F3E93F3-3575-42A3-BD3D-F95912B623EA}.Debug|Any CPU.Build.0 = Debug|Any CPU
		{2F3E93F3-3575-42A3-BD3D-F95912B623EA}.Release|Any CPU.ActiveCfg = Release|Any CPU
		{2F3E93F3-3575-42A3-BD3D-F95912B623EA}.Release|Any CPU.Build.0 = Release|Any CPU
		{AF617BCA-A660-47AA-930A-60C80403B702}.Debug|Any CPU.ActiveCfg = Debug|Any CPU
		{AF617BCA-A660-47AA-930A-60C80403B702}.Debug|Any CPU.Build.0 = Debug|Any CPU
		{AF617BCA-A660-47AA-930A-60C80403B702}.Release|Any CPU.ActiveCfg = Release|Any CPU
		{AF617BCA-A660-47AA-930A-60C80403B702}.Release|Any CPU.Build.0 = Release|Any CPU
		{45ED9B56-96EE-42A9-AB2C-1F3F8037C16A}.Debug|Any CPU.ActiveCfg = Debug|Any CPU
		{45ED9B56-96EE-42A9-AB2C-1F3F8037C16A}.Debug|Any CPU.Build.0 = Debug|Any CPU
		{45ED9B56-96EE-42A9-AB2C-1F3F8037C16A}.Release|Any CPU.ActiveCfg = Release|Any CPU
		{45ED9B56-96EE-42A9-AB2C-1F3F8037C16A}.Release|Any CPU.Build.0 = Release|Any CPU
		{2EFDF994-917B-4455-9912-053DA2ADCA4F}.Debug|Any CPU.ActiveCfg = Debug|Any CPU
		{2EFDF994-917B-4455-9912-053DA2ADCA4F}.Debug|Any CPU.Build.0 = Debug|Any CPU
		{2EFDF994-917B-4455-9912-053DA2ADCA4F}.Release|Any CPU.ActiveCfg = Release|Any CPU
		{2EFDF994-917B-4455-9912-053DA2ADCA4F}.Release|Any CPU.Build.0 = Release|Any CPU
		{5B0F2B8F-515F-42AB-B279-04AA0B955CDD}.Debug|Any CPU.ActiveCfg = Debug|Any CPU
		{5B0F2B8F-515F-42AB-B279-04AA0B955CDD}.Debug|Any CPU.Build.0 = Debug|Any CPU
		{5B0F2B8F-515F-42AB-B279-04AA0B955CDD}.Release|Any CPU.ActiveCfg = Release|Any CPU
		{5B0F2B8F-515F-42AB-B279-04AA0B955CDD}.Release|Any CPU.Build.0 = Release|Any CPU
		{D8840441-8E2D-418A-841A-1B6FEB26BCB8}.Debug|Any CPU.ActiveCfg = Debug|Any CPU
		{D8840441-8E2D-418A-841A-1B6FEB26BCB8}.Debug|Any CPU.Build.0 = Debug|Any CPU
		{D8840441-8E2D-418A-841A-1B6FEB26BCB8}.Release|Any CPU.ActiveCfg = Release|Any CPU
		{D8840441-8E2D-418A-841A-1B6FEB26BCB8}.Release|Any CPU.Build.0 = Release|Any CPU
		{9F3A9EF5-7C14-4E01-83E5-37F7D5997592}.Debug|Any CPU.ActiveCfg = Debug|Any CPU
		{9F3A9EF5-7C14-4E01-83E5-37F7D5997592}.Debug|Any CPU.Build.0 = Debug|Any CPU
		{9F3A9EF5-7C14-4E01-83E5-37F7D5997592}.Release|Any CPU.ActiveCfg = Release|Any CPU
		{9F3A9EF5-7C14-4E01-83E5-37F7D5997592}.Release|Any CPU.Build.0 = Release|Any CPU
		{CA76C9CB-1DA3-4E33-BF80-462480389C4B}.Debug|Any CPU.ActiveCfg = Debug|Any CPU
		{CA76C9CB-1DA3-4E33-BF80-462480389C4B}.Debug|Any CPU.Build.0 = Debug|Any CPU
		{CA76C9CB-1DA3-4E33-BF80-462480389C4B}.Release|Any CPU.ActiveCfg = Release|Any CPU
		{CA76C9CB-1DA3-4E33-BF80-462480389C4B}.Release|Any CPU.Build.0 = Release|Any CPU
		{D6292977-AA42-4277-A179-3D96DBEA8B2E}.Debug|Any CPU.ActiveCfg = Debug|Any CPU
		{D6292977-AA42-4277-A179-3D96DBEA8B2E}.Debug|Any CPU.Build.0 = Debug|Any CPU
		{D6292977-AA42-4277-A179-3D96DBEA8B2E}.Release|Any CPU.ActiveCfg = Release|Any CPU
		{D6292977-AA42-4277-A179-3D96DBEA8B2E}.Release|Any CPU.Build.0 = Release|Any CPU
		{146D15B1-D667-45FD-A151-742E3C5246A2}.Debug|Any CPU.ActiveCfg = Debug|Any CPU
		{146D15B1-D667-45FD-A151-742E3C5246A2}.Debug|Any CPU.Build.0 = Debug|Any CPU
		{146D15B1-D667-45FD-A151-742E3C5246A2}.Release|Any CPU.ActiveCfg = Release|Any CPU
		{146D15B1-D667-45FD-A151-742E3C5246A2}.Release|Any CPU.Build.0 = Release|Any CPU
		{D6C39CE7-C663-45A1-B747-262C219F0ED0}.Debug|Any CPU.ActiveCfg = Debug|Any CPU
		{D6C39CE7-C663-45A1-B747-262C219F0ED0}.Debug|Any CPU.Build.0 = Debug|Any CPU
		{D6C39CE7-C663-45A1-B747-262C219F0ED0}.Release|Any CPU.ActiveCfg = Release|Any CPU
		{D6C39CE7-C663-45A1-B747-262C219F0ED0}.Release|Any CPU.Build.0 = Release|Any CPU
		{0F38994F-E842-48A3-85E2-2B63B17B9150}.Debug|Any CPU.ActiveCfg = Debug|Any CPU
		{0F38994F-E842-48A3-85E2-2B63B17B9150}.Debug|Any CPU.Build.0 = Debug|Any CPU
		{0F38994F-E842-48A3-85E2-2B63B17B9150}.Release|Any CPU.ActiveCfg = Release|Any CPU
		{0F38994F-E842-48A3-85E2-2B63B17B9150}.Release|Any CPU.Build.0 = Release|Any CPU
		{A31E64E9-94D0-4B49-AACE-83166513618E}.Debug|Any CPU.ActiveCfg = Debug|Any CPU
		{A31E64E9-94D0-4B49-AACE-83166513618E}.Debug|Any CPU.Build.0 = Debug|Any CPU
		{A31E64E9-94D0-4B49-AACE-83166513618E}.Release|Any CPU.ActiveCfg = Release|Any CPU
		{A31E64E9-94D0-4B49-AACE-83166513618E}.Release|Any CPU.Build.0 = Release|Any CPU
		{444B62F0-C3ED-44CD-81E0-FE2BC1F74EE3}.Debug|Any CPU.ActiveCfg = Debug|Any CPU
		{444B62F0-C3ED-44CD-81E0-FE2BC1F74EE3}.Debug|Any CPU.Build.0 = Debug|Any CPU
		{444B62F0-C3ED-44CD-81E0-FE2BC1F74EE3}.Release|Any CPU.ActiveCfg = Release|Any CPU
		{444B62F0-C3ED-44CD-81E0-FE2BC1F74EE3}.Release|Any CPU.Build.0 = Release|Any CPU
		{EF15BAAA-5072-4E60-A4F4-650126E81104}.Debug|Any CPU.ActiveCfg = Debug|Any CPU
		{EF15BAAA-5072-4E60-A4F4-650126E81104}.Debug|Any CPU.Build.0 = Debug|Any CPU
		{EF15BAAA-5072-4E60-A4F4-650126E81104}.Release|Any CPU.ActiveCfg = Release|Any CPU
		{EF15BAAA-5072-4E60-A4F4-650126E81104}.Release|Any CPU.Build.0 = Release|Any CPU
		{378A6DE3-0417-441B-8AC9-08A767D19947}.Debug|Any CPU.ActiveCfg = Debug|Any CPU
		{378A6DE3-0417-441B-8AC9-08A767D19947}.Debug|Any CPU.Build.0 = Debug|Any CPU
		{378A6DE3-0417-441B-8AC9-08A767D19947}.Release|Any CPU.ActiveCfg = Release|Any CPU
		{378A6DE3-0417-441B-8AC9-08A767D19947}.Release|Any CPU.Build.0 = Release|Any CPU
		{A28FE10E-D4F6-4C16-84B3-992440704458}.Debug|Any CPU.ActiveCfg = Debug|Any CPU
		{A28FE10E-D4F6-4C16-84B3-992440704458}.Debug|Any CPU.Build.0 = Debug|Any CPU
		{A28FE10E-D4F6-4C16-84B3-992440704458}.Release|Any CPU.ActiveCfg = Release|Any CPU
		{A28FE10E-D4F6-4C16-84B3-992440704458}.Release|Any CPU.Build.0 = Release|Any CPU
		{810348FB-D07D-4A56-84F5-B19267318C2A}.Debug|Any CPU.ActiveCfg = Debug|Any CPU
		{810348FB-D07D-4A56-84F5-B19267318C2A}.Debug|Any CPU.Build.0 = Debug|Any CPU
		{810348FB-D07D-4A56-84F5-B19267318C2A}.Release|Any CPU.ActiveCfg = Release|Any CPU
		{810348FB-D07D-4A56-84F5-B19267318C2A}.Release|Any CPU.Build.0 = Release|Any CPU
		{24553B21-DDC4-40B2-BC5D-B1C324262963}.Debug|Any CPU.ActiveCfg = Debug|Any CPU
		{24553B21-DDC4-40B2-BC5D-B1C324262963}.Debug|Any CPU.Build.0 = Debug|Any CPU
		{24553B21-DDC4-40B2-BC5D-B1C324262963}.Release|Any CPU.ActiveCfg = Release|Any CPU
		{24553B21-DDC4-40B2-BC5D-B1C324262963}.Release|Any CPU.Build.0 = Release|Any CPU
		{7B2FB2A7-77CA-4F94-B78F-54A466EF0EEC}.Debug|Any CPU.ActiveCfg = Debug|Any CPU
		{7B2FB2A7-77CA-4F94-B78F-54A466EF0EEC}.Debug|Any CPU.Build.0 = Debug|Any CPU
		{7B2FB2A7-77CA-4F94-B78F-54A466EF0EEC}.Release|Any CPU.ActiveCfg = Release|Any CPU
		{7B2FB2A7-77CA-4F94-B78F-54A466EF0EEC}.Release|Any CPU.Build.0 = Release|Any CPU
		{8305E318-6CF6-42D7-B174-2C67FD2ED3EC}.Debug|Any CPU.ActiveCfg = Debug|Any CPU
		{8305E318-6CF6-42D7-B174-2C67FD2ED3EC}.Debug|Any CPU.Build.0 = Debug|Any CPU
		{8305E318-6CF6-42D7-B174-2C67FD2ED3EC}.Release|Any CPU.ActiveCfg = Release|Any CPU
		{8305E318-6CF6-42D7-B174-2C67FD2ED3EC}.Release|Any CPU.Build.0 = Release|Any CPU
		{810BBA30-F651-4B73-AEAF-6A36752FC33C}.Debug|Any CPU.ActiveCfg = Debug|Any CPU
		{810BBA30-F651-4B73-AEAF-6A36752FC33C}.Debug|Any CPU.Build.0 = Debug|Any CPU
		{810BBA30-F651-4B73-AEAF-6A36752FC33C}.Release|Any CPU.ActiveCfg = Release|Any CPU
		{810BBA30-F651-4B73-AEAF-6A36752FC33C}.Release|Any CPU.Build.0 = Release|Any CPU
		{F5FA5B56-9793-41E5-AA3F-3D44D08BE6C5}.Debug|Any CPU.ActiveCfg = Debug|Any CPU
		{F5FA5B56-9793-41E5-AA3F-3D44D08BE6C5}.Debug|Any CPU.Build.0 = Debug|Any CPU
		{F5FA5B56-9793-41E5-AA3F-3D44D08BE6C5}.Release|Any CPU.ActiveCfg = Release|Any CPU
		{F5FA5B56-9793-41E5-AA3F-3D44D08BE6C5}.Release|Any CPU.Build.0 = Release|Any CPU
		{A182F755-B27E-4C90-AD89-4ADFB2630A14}.Debug|Any CPU.ActiveCfg = Debug|Any CPU
		{A182F755-B27E-4C90-AD89-4ADFB2630A14}.Debug|Any CPU.Build.0 = Debug|Any CPU
		{A182F755-B27E-4C90-AD89-4ADFB2630A14}.Release|Any CPU.ActiveCfg = Release|Any CPU
		{A182F755-B27E-4C90-AD89-4ADFB2630A14}.Release|Any CPU.Build.0 = Release|Any CPU
		{3E351720-2803-41FF-A225-1337881DAAD3}.Debug|Any CPU.ActiveCfg = Debug|Any CPU
		{3E351720-2803-41FF-A225-1337881DAAD3}.Debug|Any CPU.Build.0 = Debug|Any CPU
		{3E351720-2803-41FF-A225-1337881DAAD3}.Release|Any CPU.ActiveCfg = Release|Any CPU
		{3E351720-2803-41FF-A225-1337881DAAD3}.Release|Any CPU.Build.0 = Release|Any CPU
		{A54FC165-F25C-4FB8-9A87-D5AAED0D594B}.Debug|Any CPU.ActiveCfg = Debug|Any CPU
		{A54FC165-F25C-4FB8-9A87-D5AAED0D594B}.Debug|Any CPU.Build.0 = Debug|Any CPU
		{A54FC165-F25C-4FB8-9A87-D5AAED0D594B}.Release|Any CPU.ActiveCfg = Release|Any CPU
		{A54FC165-F25C-4FB8-9A87-D5AAED0D594B}.Release|Any CPU.Build.0 = Release|Any CPU
		{7AAFD2BF-6D9C-4651-AD72-D5DF33A23775}.Debug|Any CPU.ActiveCfg = Debug|Any CPU
		{7AAFD2BF-6D9C-4651-AD72-D5DF33A23775}.Debug|Any CPU.Build.0 = Debug|Any CPU
		{7AAFD2BF-6D9C-4651-AD72-D5DF33A23775}.Release|Any CPU.ActiveCfg = Release|Any CPU
		{7AAFD2BF-6D9C-4651-AD72-D5DF33A23775}.Release|Any CPU.Build.0 = Release|Any CPU
		{01A6DDEF-F710-4F00-B69C-5A4826721018}.Debug|Any CPU.ActiveCfg = Debug|Any CPU
		{01A6DDEF-F710-4F00-B69C-5A4826721018}.Debug|Any CPU.Build.0 = Debug|Any CPU
		{01A6DDEF-F710-4F00-B69C-5A4826721018}.Release|Any CPU.ActiveCfg = Release|Any CPU
		{01A6DDEF-F710-4F00-B69C-5A4826721018}.Release|Any CPU.Build.0 = Release|Any CPU
		{058EC40F-E316-458D-AF06-AA153F17E7A7}.Debug|Any CPU.ActiveCfg = Debug|Any CPU
		{058EC40F-E316-458D-AF06-AA153F17E7A7}.Debug|Any CPU.Build.0 = Debug|Any CPU
		{058EC40F-E316-458D-AF06-AA153F17E7A7}.Release|Any CPU.ActiveCfg = Release|Any CPU
		{058EC40F-E316-458D-AF06-AA153F17E7A7}.Release|Any CPU.Build.0 = Release|Any CPU
		{5C7E9197-C3FE-4F18-B724-D513D5F9CF48}.Debug|Any CPU.ActiveCfg = Debug|Any CPU
		{5C7E9197-C3FE-4F18-B724-D513D5F9CF48}.Debug|Any CPU.Build.0 = Debug|Any CPU
		{5C7E9197-C3FE-4F18-B724-D513D5F9CF48}.Release|Any CPU.ActiveCfg = Release|Any CPU
		{5C7E9197-C3FE-4F18-B724-D513D5F9CF48}.Release|Any CPU.Build.0 = Release|Any CPU
		{2E8F8F57-5E22-42D1-B573-54514EE4773D}.Debug|Any CPU.ActiveCfg = Debug|Any CPU
		{2E8F8F57-5E22-42D1-B573-54514EE4773D}.Debug|Any CPU.Build.0 = Debug|Any CPU
		{2E8F8F57-5E22-42D1-B573-54514EE4773D}.Release|Any CPU.ActiveCfg = Release|Any CPU
		{2E8F8F57-5E22-42D1-B573-54514EE4773D}.Release|Any CPU.Build.0 = Release|Any CPU
		{FE6BF251-4453-4A2A-8A84-8186F25306D5}.Debug|Any CPU.ActiveCfg = Debug|Any CPU
		{FE6BF251-4453-4A2A-8A84-8186F25306D5}.Debug|Any CPU.Build.0 = Debug|Any CPU
		{FE6BF251-4453-4A2A-8A84-8186F25306D5}.Release|Any CPU.ActiveCfg = Release|Any CPU
		{FE6BF251-4453-4A2A-8A84-8186F25306D5}.Release|Any CPU.Build.0 = Release|Any CPU
		{3951D4C1-0920-49A7-B024-E971342933F7}.Debug|Any CPU.ActiveCfg = Debug|Any CPU
		{3951D4C1-0920-49A7-B024-E971342933F7}.Debug|Any CPU.Build.0 = Debug|Any CPU
		{3951D4C1-0920-49A7-B024-E971342933F7}.Release|Any CPU.ActiveCfg = Release|Any CPU
		{3951D4C1-0920-49A7-B024-E971342933F7}.Release|Any CPU.Build.0 = Release|Any CPU
		{6163B08A-8D99-4A13-A1C9-E87A370580AC}.Debug|Any CPU.ActiveCfg = Debug|Any CPU
		{6163B08A-8D99-4A13-A1C9-E87A370580AC}.Debug|Any CPU.Build.0 = Debug|Any CPU
		{6163B08A-8D99-4A13-A1C9-E87A370580AC}.Release|Any CPU.ActiveCfg = Release|Any CPU
		{6163B08A-8D99-4A13-A1C9-E87A370580AC}.Release|Any CPU.Build.0 = Release|Any CPU
		{1BA94DE7-1650-4306-9D2E-2D75EBED3937}.Debug|Any CPU.ActiveCfg = Debug|Any CPU
		{1BA94DE7-1650-4306-9D2E-2D75EBED3937}.Debug|Any CPU.Build.0 = Debug|Any CPU
		{1BA94DE7-1650-4306-9D2E-2D75EBED3937}.Release|Any CPU.ActiveCfg = Release|Any CPU
		{1BA94DE7-1650-4306-9D2E-2D75EBED3937}.Release|Any CPU.Build.0 = Release|Any CPU
		{8EFA2976-3E7B-43BD-9EE0-3D1126F03ADC}.Debug|Any CPU.ActiveCfg = Debug|Any CPU
		{8EFA2976-3E7B-43BD-9EE0-3D1126F03ADC}.Debug|Any CPU.Build.0 = Debug|Any CPU
		{8EFA2976-3E7B-43BD-9EE0-3D1126F03ADC}.Release|Any CPU.ActiveCfg = Release|Any CPU
		{8EFA2976-3E7B-43BD-9EE0-3D1126F03ADC}.Release|Any CPU.Build.0 = Release|Any CPU
		{C16B55B8-FDE4-4FE6-8E11-F77F266CC9A2}.Debug|Any CPU.ActiveCfg = Debug|Any CPU
		{C16B55B8-FDE4-4FE6-8E11-F77F266CC9A2}.Debug|Any CPU.Build.0 = Debug|Any CPU
		{C16B55B8-FDE4-4FE6-8E11-F77F266CC9A2}.Release|Any CPU.ActiveCfg = Release|Any CPU
		{C16B55B8-FDE4-4FE6-8E11-F77F266CC9A2}.Release|Any CPU.Build.0 = Release|Any CPU
		{2B127282-6F20-4900-BD5B-DB1C9CFE87F6}.Debug|Any CPU.ActiveCfg = Debug|Any CPU
		{2B127282-6F20-4900-BD5B-DB1C9CFE87F6}.Debug|Any CPU.Build.0 = Debug|Any CPU
		{2B127282-6F20-4900-BD5B-DB1C9CFE87F6}.Release|Any CPU.ActiveCfg = Release|Any CPU
		{2B127282-6F20-4900-BD5B-DB1C9CFE87F6}.Release|Any CPU.Build.0 = Release|Any CPU
		{5FC0072B-02F5-4EFF-93B7-C4E84438FA82}.Debug|Any CPU.ActiveCfg = Debug|Any CPU
		{5FC0072B-02F5-4EFF-93B7-C4E84438FA82}.Debug|Any CPU.Build.0 = Debug|Any CPU
		{5FC0072B-02F5-4EFF-93B7-C4E84438FA82}.Release|Any CPU.ActiveCfg = Release|Any CPU
		{5FC0072B-02F5-4EFF-93B7-C4E84438FA82}.Release|Any CPU.Build.0 = Release|Any CPU
		{C292BFD3-F407-4F36-8719-C505B8AFE3A2}.Debug|Any CPU.ActiveCfg = Debug|Any CPU
		{C292BFD3-F407-4F36-8719-C505B8AFE3A2}.Debug|Any CPU.Build.0 = Debug|Any CPU
		{C292BFD3-F407-4F36-8719-C505B8AFE3A2}.Release|Any CPU.ActiveCfg = Release|Any CPU
		{C292BFD3-F407-4F36-8719-C505B8AFE3A2}.Release|Any CPU.Build.0 = Release|Any CPU
		{AD836081-EEF9-4F06-9ECE-7CC0D72E4358}.Debug|Any CPU.ActiveCfg = Debug|Any CPU
		{AD836081-EEF9-4F06-9ECE-7CC0D72E4358}.Debug|Any CPU.Build.0 = Debug|Any CPU
		{AD836081-EEF9-4F06-9ECE-7CC0D72E4358}.Release|Any CPU.ActiveCfg = Release|Any CPU
		{AD836081-EEF9-4F06-9ECE-7CC0D72E4358}.Release|Any CPU.Build.0 = Release|Any CPU
		{0B1868A1-EEC0-419C-BD27-9B5D7C9E76D9}.Debug|Any CPU.ActiveCfg = Debug|Any CPU
		{0B1868A1-EEC0-419C-BD27-9B5D7C9E76D9}.Debug|Any CPU.Build.0 = Debug|Any CPU
		{0B1868A1-EEC0-419C-BD27-9B5D7C9E76D9}.Release|Any CPU.ActiveCfg = Release|Any CPU
		{0B1868A1-EEC0-419C-BD27-9B5D7C9E76D9}.Release|Any CPU.Build.0 = Release|Any CPU
		{341A1C8E-8A3B-45C8-A4E9-8E3A528B9DE3}.Debug|Any CPU.ActiveCfg = Debug|Any CPU
		{341A1C8E-8A3B-45C8-A4E9-8E3A528B9DE3}.Debug|Any CPU.Build.0 = Debug|Any CPU
		{341A1C8E-8A3B-45C8-A4E9-8E3A528B9DE3}.Release|Any CPU.ActiveCfg = Release|Any CPU
		{341A1C8E-8A3B-45C8-A4E9-8E3A528B9DE3}.Release|Any CPU.Build.0 = Release|Any CPU
		{FE5396B3-0D61-4A4B-96F6-828D1E3187B3}.Debug|Any CPU.ActiveCfg = Debug|Any CPU
		{FE5396B3-0D61-4A4B-96F6-828D1E3187B3}.Debug|Any CPU.Build.0 = Debug|Any CPU
		{FE5396B3-0D61-4A4B-96F6-828D1E3187B3}.Release|Any CPU.ActiveCfg = Release|Any CPU
		{FE5396B3-0D61-4A4B-96F6-828D1E3187B3}.Release|Any CPU.Build.0 = Release|Any CPU
		{FC948634-A4C2-4612-A2A1-E94359C341B3}.Debug|Any CPU.ActiveCfg = Debug|Any CPU
		{FC948634-A4C2-4612-A2A1-E94359C341B3}.Debug|Any CPU.Build.0 = Debug|Any CPU
		{FC948634-A4C2-4612-A2A1-E94359C341B3}.Release|Any CPU.ActiveCfg = Release|Any CPU
		{FC948634-A4C2-4612-A2A1-E94359C341B3}.Release|Any CPU.Build.0 = Release|Any CPU
		{38FD11CA-9D10-4D25-8DD6-45DF176BB1E3}.Debug|Any CPU.ActiveCfg = Debug|Any CPU
		{38FD11CA-9D10-4D25-8DD6-45DF176BB1E3}.Debug|Any CPU.Build.0 = Debug|Any CPU
		{38FD11CA-9D10-4D25-8DD6-45DF176BB1E3}.Release|Any CPU.ActiveCfg = Release|Any CPU
		{38FD11CA-9D10-4D25-8DD6-45DF176BB1E3}.Release|Any CPU.Build.0 = Release|Any CPU
		{0182A7E3-0104-4B5A-A95C-803E382C58E7}.Debug|Any CPU.ActiveCfg = Debug|Any CPU
		{0182A7E3-0104-4B5A-A95C-803E382C58E7}.Debug|Any CPU.Build.0 = Debug|Any CPU
		{0182A7E3-0104-4B5A-A95C-803E382C58E7}.Release|Any CPU.ActiveCfg = Release|Any CPU
		{0182A7E3-0104-4B5A-A95C-803E382C58E7}.Release|Any CPU.Build.0 = Release|Any CPU
		{7A96F55A-D9E1-46DC-B08D-A6C465D39F07}.Debug|Any CPU.ActiveCfg = Debug|Any CPU
		{7A96F55A-D9E1-46DC-B08D-A6C465D39F07}.Debug|Any CPU.Build.0 = Debug|Any CPU
		{7A96F55A-D9E1-46DC-B08D-A6C465D39F07}.Release|Any CPU.ActiveCfg = Release|Any CPU
		{7A96F55A-D9E1-46DC-B08D-A6C465D39F07}.Release|Any CPU.Build.0 = Release|Any CPU
		{BCE68BC5-984B-4365-8D57-EE56BB0D8BE4}.Debug|Any CPU.ActiveCfg = Debug|Any CPU
		{BCE68BC5-984B-4365-8D57-EE56BB0D8BE4}.Debug|Any CPU.Build.0 = Debug|Any CPU
		{BCE68BC5-984B-4365-8D57-EE56BB0D8BE4}.Release|Any CPU.ActiveCfg = Release|Any CPU
		{BCE68BC5-984B-4365-8D57-EE56BB0D8BE4}.Release|Any CPU.Build.0 = Release|Any CPU
		{16CD2760-A1BA-4525-8ABA-7FD8DCC1A1C7}.Debug|Any CPU.ActiveCfg = Debug|Any CPU
		{16CD2760-A1BA-4525-8ABA-7FD8DCC1A1C7}.Debug|Any CPU.Build.0 = Debug|Any CPU
		{16CD2760-A1BA-4525-8ABA-7FD8DCC1A1C7}.Release|Any CPU.ActiveCfg = Release|Any CPU
		{16CD2760-A1BA-4525-8ABA-7FD8DCC1A1C7}.Release|Any CPU.Build.0 = Release|Any CPU
		{DB23FF1D-FE47-4121-BEA7-3D403083A8E7}.Debug|Any CPU.ActiveCfg = Debug|Any CPU
		{DB23FF1D-FE47-4121-BEA7-3D403083A8E7}.Debug|Any CPU.Build.0 = Debug|Any CPU
		{DB23FF1D-FE47-4121-BEA7-3D403083A8E7}.Release|Any CPU.ActiveCfg = Release|Any CPU
		{DB23FF1D-FE47-4121-BEA7-3D403083A8E7}.Release|Any CPU.Build.0 = Release|Any CPU
		{6135FB91-574A-4233-A8C9-7A91307C9FC3}.Debug|Any CPU.ActiveCfg = Debug|Any CPU
		{6135FB91-574A-4233-A8C9-7A91307C9FC3}.Debug|Any CPU.Build.0 = Debug|Any CPU
		{6135FB91-574A-4233-A8C9-7A91307C9FC3}.Release|Any CPU.ActiveCfg = Release|Any CPU
		{6135FB91-574A-4233-A8C9-7A91307C9FC3}.Release|Any CPU.Build.0 = Release|Any CPU
		{E5BBBEB1-7FD7-4F54-AF84-9CF9DB00DC4F}.Debug|Any CPU.ActiveCfg = Debug|Any CPU
		{E5BBBEB1-7FD7-4F54-AF84-9CF9DB00DC4F}.Debug|Any CPU.Build.0 = Debug|Any CPU
		{E5BBBEB1-7FD7-4F54-AF84-9CF9DB00DC4F}.Release|Any CPU.ActiveCfg = Release|Any CPU
		{E5BBBEB1-7FD7-4F54-AF84-9CF9DB00DC4F}.Release|Any CPU.Build.0 = Release|Any CPU
		{5609B281-8DDC-441F-B7BD-953EBEADE937}.Debug|Any CPU.ActiveCfg = Debug|Any CPU
		{5609B281-8DDC-441F-B7BD-953EBEADE937}.Debug|Any CPU.Build.0 = Debug|Any CPU
		{5609B281-8DDC-441F-B7BD-953EBEADE937}.Release|Any CPU.ActiveCfg = Release|Any CPU
		{5609B281-8DDC-441F-B7BD-953EBEADE937}.Release|Any CPU.Build.0 = Release|Any CPU
		{E4C662DC-0874-430E-BD39-66B3E9485F05}.Debug|Any CPU.ActiveCfg = Debug|Any CPU
		{E4C662DC-0874-430E-BD39-66B3E9485F05}.Debug|Any CPU.Build.0 = Debug|Any CPU
		{E4C662DC-0874-430E-BD39-66B3E9485F05}.Release|Any CPU.ActiveCfg = Release|Any CPU
		{E4C662DC-0874-430E-BD39-66B3E9485F05}.Release|Any CPU.Build.0 = Release|Any CPU
		{72555EDD-236A-4A92-87EF-ECF7ED0897B2}.Debug|Any CPU.ActiveCfg = Debug|Any CPU
		{72555EDD-236A-4A92-87EF-ECF7ED0897B2}.Debug|Any CPU.Build.0 = Debug|Any CPU
		{72555EDD-236A-4A92-87EF-ECF7ED0897B2}.Release|Any CPU.ActiveCfg = Release|Any CPU
		{72555EDD-236A-4A92-87EF-ECF7ED0897B2}.Release|Any CPU.Build.0 = Release|Any CPU
		{B107A1BF-C8F7-4F08-B45B-7DD82604838A}.Debug|Any CPU.ActiveCfg = Debug|Any CPU
		{B107A1BF-C8F7-4F08-B45B-7DD82604838A}.Debug|Any CPU.Build.0 = Debug|Any CPU
		{B107A1BF-C8F7-4F08-B45B-7DD82604838A}.Release|Any CPU.ActiveCfg = Release|Any CPU
		{B107A1BF-C8F7-4F08-B45B-7DD82604838A}.Release|Any CPU.Build.0 = Release|Any CPU
		{39CC0219-2AA1-462A-81BF-0E0981900F06}.Debug|Any CPU.ActiveCfg = Debug|Any CPU
		{39CC0219-2AA1-462A-81BF-0E0981900F06}.Debug|Any CPU.Build.0 = Debug|Any CPU
		{39CC0219-2AA1-462A-81BF-0E0981900F06}.Release|Any CPU.ActiveCfg = Release|Any CPU
		{39CC0219-2AA1-462A-81BF-0E0981900F06}.Release|Any CPU.Build.0 = Release|Any CPU
		{ADC722E6-812D-498E-92AA-D5AE88DE24B1}.Debug|Any CPU.ActiveCfg = Debug|Any CPU
		{ADC722E6-812D-498E-92AA-D5AE88DE24B1}.Debug|Any CPU.Build.0 = Debug|Any CPU
		{ADC722E6-812D-498E-92AA-D5AE88DE24B1}.Release|Any CPU.ActiveCfg = Release|Any CPU
		{ADC722E6-812D-498E-92AA-D5AE88DE24B1}.Release|Any CPU.Build.0 = Release|Any CPU
		{C641E445-9BC8-41C4-A3BE-6DCEB19305AF}.Debug|Any CPU.ActiveCfg = Debug|Any CPU
		{C641E445-9BC8-41C4-A3BE-6DCEB19305AF}.Debug|Any CPU.Build.0 = Debug|Any CPU
		{C641E445-9BC8-41C4-A3BE-6DCEB19305AF}.Release|Any CPU.ActiveCfg = Release|Any CPU
		{C641E445-9BC8-41C4-A3BE-6DCEB19305AF}.Release|Any CPU.Build.0 = Release|Any CPU
	EndGlobalSection
	GlobalSection(SolutionProperties) = preSolution
		HideSolutionNode = FALSE
	EndGlobalSection
	GlobalSection(NestedProjects) = preSolution
		{EA95F8DC-3EEC-4184-B021-DCB9AC26E2DF} = {77AC4E54-674F-423A-A1DE-C7C866A54307}
		{1C1DD920-AFC5-481C-8529-77814F4D7C89} = {603F4898-E54E-4819-9C69-7593D9F80737}
		{527DC50B-5398-4961-A095-BC49B63F4577} = {603F4898-E54E-4819-9C69-7593D9F80737}
		{0893F93E-35BF-417E-81A4-E89BBC943223} = {1C1DD920-AFC5-481C-8529-77814F4D7C89}
		{5637E463-4238-4D70-94AD-0A970A5ED4D8} = {527DC50B-5398-4961-A095-BC49B63F4577}
		{A51610D0-E98A-48C6-A349-2B183BCCA2C8} = {1C1DD920-AFC5-481C-8529-77814F4D7C89}
		{6ADFB973-4F7B-43A2-85AE-A219025A2A33} = {6D7992FC-81F2-404B-8A02-59BF269A34B2}
		{4E124116-15D9-43CB-9FD0-F99D8271D481} = {6ADFB973-4F7B-43A2-85AE-A219025A2A33}
		{0F4161B2-0C23-4FB9-8447-0A51C1B54E98} = {6ADFB973-4F7B-43A2-85AE-A219025A2A33}
		{71426C09-FF87-4979-B6A7-4A38A7051B7A} = {6ADFB973-4F7B-43A2-85AE-A219025A2A33}
		{90240A94-DF81-472F-9CED-8F8289471E43} = {6ADFB973-4F7B-43A2-85AE-A219025A2A33}
		{A50FE1D7-9194-4C0D-A77B-4EF9AED7EA1B} = {6ADFB973-4F7B-43A2-85AE-A219025A2A33}
		{C2C7A72A-854B-4CA0-A10A-A527E6FDED33} = {6ADFB973-4F7B-43A2-85AE-A219025A2A33}
		{7B9A1C3C-D525-4B98-A846-7BB0992F47D0} = {6ADFB973-4F7B-43A2-85AE-A219025A2A33}
		{D7433FD4-F946-4A12-A5EE-3CEE65AEFADD} = {6D7992FC-81F2-404B-8A02-59BF269A34B2}
		{99388867-F332-4637-A4DC-DEA21D4D601C} = {527DC50B-5398-4961-A095-BC49B63F4577}
		{109287EF-3B81-4806-8679-B1540317DBC6} = {D7433FD4-F946-4A12-A5EE-3CEE65AEFADD}
		{2F3E93F3-3575-42A3-BD3D-F95912B623EA} = {D7433FD4-F946-4A12-A5EE-3CEE65AEFADD}
		{D78D2A93-2A5C-4D60-8DB7-55D4BB447A67} = {47E8D9E0-3127-413A-863E-0884A8C7ABCD}
		{AF617BCA-A660-47AA-930A-60C80403B702} = {D78D2A93-2A5C-4D60-8DB7-55D4BB447A67}
		{45ED9B56-96EE-42A9-AB2C-1F3F8037C16A} = {D78D2A93-2A5C-4D60-8DB7-55D4BB447A67}
		{2EFDF994-917B-4455-9912-053DA2ADCA4F} = {D78D2A93-2A5C-4D60-8DB7-55D4BB447A67}
		{DAFF635C-C5B2-4D77-B80E-ACAF2339CB9E} = {47E8D9E0-3127-413A-863E-0884A8C7ABCD}
		{5B0F2B8F-515F-42AB-B279-04AA0B955CDD} = {DAFF635C-C5B2-4D77-B80E-ACAF2339CB9E}
		{D8840441-8E2D-418A-841A-1B6FEB26BCB8} = {DAFF635C-C5B2-4D77-B80E-ACAF2339CB9E}
		{034F24DE-3700-4275-BBF7-94A0FD555595} = {48748768-76AE-46A6-ADA8-4E8D8E578D43}
		{9F3A9EF5-7C14-4E01-83E5-37F7D5997592} = {034F24DE-3700-4275-BBF7-94A0FD555595}
		{CA76C9CB-1DA3-4E33-BF80-462480389C4B} = {034F24DE-3700-4275-BBF7-94A0FD555595}
		{D6292977-AA42-4277-A179-3D96DBEA8B2E} = {034F24DE-3700-4275-BBF7-94A0FD555595}
		{2962A76D-0BFF-4E98-AF5E-F634F9D6361B} = {48748768-76AE-46A6-ADA8-4E8D8E578D43}
		{146D15B1-D667-45FD-A151-742E3C5246A2} = {2962A76D-0BFF-4E98-AF5E-F634F9D6361B}
		{D6C39CE7-C663-45A1-B747-262C219F0ED0} = {2962A76D-0BFF-4E98-AF5E-F634F9D6361B}
		{0F38994F-E842-48A3-85E2-2B63B17B9150} = {034F24DE-3700-4275-BBF7-94A0FD555595}
		{FA5DF7A8-335B-4B3C-98A3-F094658DE69F} = {FA8107B2-E78C-4A45-892C-96C827794518}
		{A31E64E9-94D0-4B49-AACE-83166513618E} = {FA5DF7A8-335B-4B3C-98A3-F094658DE69F}
		{13B037D7-FFBF-499B-BB36-C7E6961AB49D} = {FA8107B2-E78C-4A45-892C-96C827794518}
		{444B62F0-C3ED-44CD-81E0-FE2BC1F74EE3} = {FA5DF7A8-335B-4B3C-98A3-F094658DE69F}
		{EF15BAAA-5072-4E60-A4F4-650126E81104} = {FA5DF7A8-335B-4B3C-98A3-F094658DE69F}
		{378A6DE3-0417-441B-8AC9-08A767D19947} = {13B037D7-FFBF-499B-BB36-C7E6961AB49D}
		{A28FE10E-D4F6-4C16-84B3-992440704458} = {13B037D7-FFBF-499B-BB36-C7E6961AB49D}
		{7FA5E699-1EF2-4A73-B287-F0ED49775649} = {E476BDF3-8F99-4CB4-ADF7-819630E1C346}
		{810348FB-D07D-4A56-84F5-B19267318C2A} = {7FA5E699-1EF2-4A73-B287-F0ED49775649}
		{24553B21-DDC4-40B2-BC5D-B1C324262963} = {7FA5E699-1EF2-4A73-B287-F0ED49775649}
		{CF8093C2-B0BC-4352-9455-D7493A4F0077} = {E476BDF3-8F99-4CB4-ADF7-819630E1C346}
		{7B2FB2A7-77CA-4F94-B78F-54A466EF0EEC} = {CF8093C2-B0BC-4352-9455-D7493A4F0077}
		{8305E318-6CF6-42D7-B174-2C67FD2ED3EC} = {85493423-70DB-47C4-B8F8-D0FE4DC2AFBD}
		{1B10D1BF-D7D9-4A41-A305-BEAC197E6112} = {36DC8E59-7BE2-4FDA-83AA-554321BA1635}
		{810BBA30-F651-4B73-AEAF-6A36752FC33C} = {1B10D1BF-D7D9-4A41-A305-BEAC197E6112}
		{8F88CA64-D7FE-44FC-A674-B606C7695498} = {36DC8E59-7BE2-4FDA-83AA-554321BA1635}
		{F5FA5B56-9793-41E5-AA3F-3D44D08BE6C5} = {8F88CA64-D7FE-44FC-A674-B606C7695498}
		{A182F755-B27E-4C90-AD89-4ADFB2630A14} = {8F88CA64-D7FE-44FC-A674-B606C7695498}
		{C448335E-7B54-42F2-889B-838D999946AC} = {163B274A-ACEE-46D8-B4E6-CC23D74FF9CF}
		{3E351720-2803-41FF-A225-1337881DAAD3} = {C448335E-7B54-42F2-889B-838D999946AC}
		{8E26699D-B98E-4374-97DA-84668F20F0F9} = {163B274A-ACEE-46D8-B4E6-CC23D74FF9CF}
		{A54FC165-F25C-4FB8-9A87-D5AAED0D594B} = {8E26699D-B98E-4374-97DA-84668F20F0F9}
		{7AAFD2BF-6D9C-4651-AD72-D5DF33A23775} = {8E26699D-B98E-4374-97DA-84668F20F0F9}
		{10712E84-3509-4C3C-B967-795BBDD711EA} = {8778BBFA-CF02-46DA-91FE-74419D6A9258}
		{01A6DDEF-F710-4F00-B69C-5A4826721018} = {10712E84-3509-4C3C-B967-795BBDD711EA}
		{058EC40F-E316-458D-AF06-AA153F17E7A7} = {10712E84-3509-4C3C-B967-795BBDD711EA}
		{5C7E9197-C3FE-4F18-B724-D513D5F9CF48} = {10712E84-3509-4C3C-B967-795BBDD711EA}
		{00A8D27B-5DDC-44F1-AFAB-9E26146A46BB} = {8778BBFA-CF02-46DA-91FE-74419D6A9258}
		{2E8F8F57-5E22-42D1-B573-54514EE4773D} = {00A8D27B-5DDC-44F1-AFAB-9E26146A46BB}
		{FE6BF251-4453-4A2A-8A84-8186F25306D5} = {00A8D27B-5DDC-44F1-AFAB-9E26146A46BB}
		{3951D4C1-0920-49A7-B024-E971342933F7} = {10712E84-3509-4C3C-B967-795BBDD711EA}
		{6163B08A-8D99-4A13-A1C9-E87A370580AC} = {10712E84-3509-4C3C-B967-795BBDD711EA}
		{1BA94DE7-1650-4306-9D2E-2D75EBED3937} = {85493423-70DB-47C4-B8F8-D0FE4DC2AFBD}
		{8EFA2976-3E7B-43BD-9EE0-3D1126F03ADC} = {85493423-70DB-47C4-B8F8-D0FE4DC2AFBD}
		{6D5C5CC9-19F2-4127-A76D-3A3B74E5DEF0} = {1178D470-B0E1-49E4-9DDB-D7427914C919}
		{C16B55B8-FDE4-4FE6-8E11-F77F266CC9A2} = {6D5C5CC9-19F2-4127-A76D-3A3B74E5DEF0}
		{67F4C92D-293F-4F59-BFD6-C5CFCB42475A} = {1178D470-B0E1-49E4-9DDB-D7427914C919}
		{2B127282-6F20-4900-BD5B-DB1C9CFE87F6} = {67F4C92D-293F-4F59-BFD6-C5CFCB42475A}
		{5FC0072B-02F5-4EFF-93B7-C4E84438FA82} = {67F4C92D-293F-4F59-BFD6-C5CFCB42475A}
		{23690423-F2B4-4F0E-93ED-14CB1FB8A827} = {E8D95889-0A2B-4720-98B4-4EF26A6A1F2F}
		{C292BFD3-F407-4F36-8719-C505B8AFE3A2} = {23690423-F2B4-4F0E-93ED-14CB1FB8A827}
		{AD836081-EEF9-4F06-9ECE-7CC0D72E4358} = {23690423-F2B4-4F0E-93ED-14CB1FB8A827}
		{0B1868A1-EEC0-419C-BD27-9B5D7C9E76D9} = {23690423-F2B4-4F0E-93ED-14CB1FB8A827}
		{341A1C8E-8A3B-45C8-A4E9-8E3A528B9DE3} = {23690423-F2B4-4F0E-93ED-14CB1FB8A827}
		{FE5396B3-0D61-4A4B-96F6-828D1E3187B3} = {23690423-F2B4-4F0E-93ED-14CB1FB8A827}
		{FC948634-A4C2-4612-A2A1-E94359C341B3} = {23690423-F2B4-4F0E-93ED-14CB1FB8A827}
		{38FD11CA-9D10-4D25-8DD6-45DF176BB1E3} = {23690423-F2B4-4F0E-93ED-14CB1FB8A827}
		{20FA6DAB-01B2-4C4E-A669-D17DF4371CE8} = {E8D95889-0A2B-4720-98B4-4EF26A6A1F2F}
		{0182A7E3-0104-4B5A-A95C-803E382C58E7} = {20FA6DAB-01B2-4C4E-A669-D17DF4371CE8}
		{7A96F55A-D9E1-46DC-B08D-A6C465D39F07} = {20FA6DAB-01B2-4C4E-A669-D17DF4371CE8}
		{0D4D037F-B0E5-41B2-866F-7FF6DFA83964} = {B8ECBAF0-F921-4595-BBCF-AB0F7C2CA1A9}
		{BCE68BC5-984B-4365-8D57-EE56BB0D8BE4} = {0D4D037F-B0E5-41B2-866F-7FF6DFA83964}
		{16CD2760-A1BA-4525-8ABA-7FD8DCC1A1C7} = {0D4D037F-B0E5-41B2-866F-7FF6DFA83964}
		{DB23FF1D-FE47-4121-BEA7-3D403083A8E7} = {0D4D037F-B0E5-41B2-866F-7FF6DFA83964}
		{6135FB91-574A-4233-A8C9-7A91307C9FC3} = {0D4D037F-B0E5-41B2-866F-7FF6DFA83964}
		{E5BBBEB1-7FD7-4F54-AF84-9CF9DB00DC4F} = {0D4D037F-B0E5-41B2-866F-7FF6DFA83964}
		{55755B4A-1051-4134-8DD8-5EA7C198DEF7} = {B8ECBAF0-F921-4595-BBCF-AB0F7C2CA1A9}
		{5609B281-8DDC-441F-B7BD-953EBEADE937} = {55755B4A-1051-4134-8DD8-5EA7C198DEF7}
		{E4C662DC-0874-430E-BD39-66B3E9485F05} = {55755B4A-1051-4134-8DD8-5EA7C198DEF7}
		{1290EBF7-5BC5-4A00-ADAB-E081780D87C5} = {DA44EF32-E2D1-4CC3-9B7F-CAEC7518B31D}
		{72555EDD-236A-4A92-87EF-ECF7ED0897B2} = {1290EBF7-5BC5-4A00-ADAB-E081780D87C5}
		{B107A1BF-C8F7-4F08-B45B-7DD82604838A} = {1290EBF7-5BC5-4A00-ADAB-E081780D87C5}
		{8824ABBB-54D2-4D16-9C9B-2F9485ABEA61} = {DA44EF32-E2D1-4CC3-9B7F-CAEC7518B31D}
		{39CC0219-2AA1-462A-81BF-0E0981900F06} = {8824ABBB-54D2-4D16-9C9B-2F9485ABEA61}
		{ADC722E6-812D-498E-92AA-D5AE88DE24B1} = {8824ABBB-54D2-4D16-9C9B-2F9485ABEA61}
		{C641E445-9BC8-41C4-A3BE-6DCEB19305AF} = {8824ABBB-54D2-4D16-9C9B-2F9485ABEA61}
	EndGlobalSection
	GlobalSection(ExtensibilityGlobals) = postSolution
		SolutionGuid = {A79743A4-DD8A-41D8-89B4-5F9E18C08300}
	EndGlobalSection
EndGlobal
